{
  "version": 4,
  "terraform_version": "1.3.1",
  "serial": 271,
  "lineage": "d2e793eb-3b67-afe0-d8e8-d0282abaa799",
  "outputs": {},
  "resources": [
    {
      "mode": "data",
      "type": "aws_availability_zones",
      "name": "available",
      "provider": "provider[\"registry.terraform.io/hashicorp/aws\"]",
      "instances": [
        {
          "schema_version": 0,
          "attributes": {
            "all_availability_zones": null,
            "exclude_names": null,
            "exclude_zone_ids": null,
            "filter": null,
            "group_names": [
              "us-east-2"
            ],
            "id": "us-east-2",
            "names": [
              "us-east-2a",
              "us-east-2b",
              "us-east-2c"
            ],
            "state": "available",
            "timeouts": null,
            "zone_ids": [
              "use2-az1",
              "use2-az2",
              "use2-az3"
            ]
          },
          "sensitive_attributes": []
        }
      ]
    },
    {
      "mode": "managed",
      "type": "aws_db_instance",
      "name": "rds_instance",
      "provider": "provider[\"registry.terraform.io/hashicorp/aws\"]",
      "instances": [
        {
          "schema_version": 1,
          "attributes": {
            "address": "rds-is531-docker.ccme3kf5lctp.us-east-2.rds.amazonaws.com",
            "allocated_storage": 20,
            "allow_major_version_upgrade": null,
            "apply_immediately": null,
            "arn": "arn:aws:rds:us-east-2:897503354578:db:rds-is531-docker",
            "auto_minor_version_upgrade": true,
            "availability_zone": "us-east-2a",
            "backup_retention_period": 0,
            "backup_window": "07:52-08:22",
            "blue_green_update": [],
            "ca_cert_identifier": "rds-ca-2019",
            "character_set_name": "",
            "copy_tags_to_snapshot": false,
            "custom_iam_instance_profile": "",
            "customer_owned_ip_enabled": false,
            "db_name": "BYUIS",
            "db_subnet_group_name": "is531-main",
            "delete_automated_backups": true,
            "deletion_protection": false,
            "domain": "",
            "domain_iam_role_name": "",
            "enabled_cloudwatch_logs_exports": [],
            "endpoint": "rds-is531-docker.ccme3kf5lctp.us-east-2.rds.amazonaws.com:3306",
            "engine": "mysql",
            "engine_version": "5.7",
            "engine_version_actual": "5.7.38",
            "final_snapshot_identifier": null,
            "hosted_zone_id": "Z2XHWR1WZ565X2",
            "iam_database_authentication_enabled": false,
            "id": "rds-is531-docker",
            "identifier": "rds-is531-docker",
            "identifier_prefix": "",
            "instance_class": "db.t3.micro",
            "iops": 0,
            "kms_key_id": "",
            "latest_restorable_time": "",
            "license_model": "general-public-license",
            "maintenance_window": "tue:07:06-tue:07:36",
            "max_allocated_storage": 0,
            "monitoring_interval": 0,
            "monitoring_role_arn": "",
            "multi_az": false,
            "name": "BYUIS",
            "nchar_character_set_name": "",
            "network_type": "IPV4",
            "option_group_name": "default:mysql-5-7",
            "parameter_group_name": "default.mysql5.7",
            "password": "is531project3docker",
            "performance_insights_enabled": false,
            "performance_insights_kms_key_id": "",
            "performance_insights_retention_period": 0,
            "port": 3306,
            "publicly_accessible": true,
            "replica_mode": "",
            "replicas": [],
            "replicate_source_db": "",
            "resource_id": "db-5FWN647EX24Q6VECJKGIT3TISM",
            "restore_to_point_in_time": [],
            "s3_import": [],
            "security_group_names": [],
            "skip_final_snapshot": true,
            "snapshot_identifier": null,
            "status": "available",
            "storage_encrypted": false,
            "storage_type": "gp2",
            "tags": {
              "Name": "rds-db-server"
            },
            "tags_all": {
              "Name": "rds-db-server"
            },
            "timeouts": null,
            "timezone": "",
            "username": "is531admin",
            "vpc_security_group_ids": [
              "sg-023728ff8b437c479"
            ]
          },
          "sensitive_attributes": [
            [
              {
                "type": "get_attr",
                "value": "password"
              }
            ],
            [
              {
                "type": "get_attr",
                "value": "username"
              }
            ]
          ],
          "private": "eyJlMmJmYjczMC1lY2FhLTExZTYtOGY4OC0zNDM2M2JjN2M0YzAiOnsiY3JlYXRlIjoyNDAwMDAwMDAwMDAwLCJkZWxldGUiOjM2MDAwMDAwMDAwMDAsInVwZGF0ZSI6NDgwMDAwMDAwMDAwMH0sInNjaGVtYV92ZXJzaW9uIjoiMSJ9",
          "dependencies": [
            "aws_db_subnet_group.rds_subnet_group",
            "aws_security_group.db_sg",
            "aws_subnet.public",
            "aws_subnet.public2",
            "aws_vpc.project3_vpc",
            "data.aws_availability_zones.available"
          ]
        }
      ]
    },
    {
      "mode": "managed",
      "type": "aws_db_subnet_group",
      "name": "rds_subnet_group",
      "provider": "provider[\"registry.terraform.io/hashicorp/aws\"]",
      "instances": [
        {
          "schema_version": 0,
          "attributes": {
            "arn": "arn:aws:rds:us-east-2:897503354578:subgrp:is531-main",
            "description": "Subnet for the DB Instance",
            "id": "is531-main",
            "name": "is531-main",
            "name_prefix": "",
            "subnet_ids": [
              "subnet-00b40794d78155645",
              "subnet-04c9e5db2b7dbc21b"
            ],
            "supported_network_types": [
              "IPV4"
            ],
            "tags": {
              "Name": "db-subnets"
            },
            "tags_all": {
              "Name": "db-subnets"
            }
          },
          "sensitive_attributes": [],
          "private": "bnVsbA==",
          "dependencies": [
            "aws_subnet.public",
            "aws_subnet.public2",
            "aws_vpc.project3_vpc",
            "data.aws_availability_zones.available"
          ]
        }
      ]
    },
    {
      "mode": "managed",
      "type": "aws_ecr_repository",
      "name": "is531_ecr",
      "provider": "provider[\"registry.terraform.io/hashicorp/aws\"]",
      "instances": [
        {
          "schema_version": 0,
          "attributes": {
            "arn": "arn:aws:ecr:us-east-2:897503354578:repository/is531-ecr",
            "encryption_configuration": [
              {
                "encryption_type": "AES256",
                "kms_key": ""
              }
            ],
            "force_delete": null,
            "id": "is531-ecr",
            "image_scanning_configuration": [
              {
                "scan_on_push": true
              }
            ],
            "image_tag_mutability": "MUTABLE",
            "name": "is531-ecr",
            "registry_id": "897503354578",
            "repository_url": "897503354578.dkr.ecr.us-east-2.amazonaws.com/is531-ecr",
            "tags": {},
            "tags_all": {},
            "timeouts": null
          },
          "sensitive_attributes": [],
          "private": "eyJlMmJmYjczMC1lY2FhLTExZTYtOGY4OC0zNDM2M2JjN2M0YzAiOnsiZGVsZXRlIjoxMjAwMDAwMDAwMDAwfX0="
        }
      ]
    },
    {
      "mode": "managed",
      "type": "aws_eip",
      "name": "project3_nat_eip",
      "provider": "provider[\"registry.terraform.io/hashicorp/aws\"]",
      "instances": [
        {
          "schema_version": 0,
          "attributes": {
            "address": null,
            "allocation_id": "eipalloc-07a460177a631c689",
            "associate_with_private_ip": null,
            "association_id": "eipassoc-03c5dd0ae9b8c2d18",
            "carrier_ip": "",
            "customer_owned_ip": "",
            "customer_owned_ipv4_pool": "",
            "domain": "vpc",
            "id": "eipalloc-07a460177a631c689",
            "instance": "",
            "network_border_group": "us-east-2",
            "network_interface": "eni-0d406705b335b0217",
            "private_dns": "ip-10-1-1-13.us-east-2.compute.internal",
            "private_ip": "10.1.1.13",
            "public_dns": "ec2-18-224-13-163.us-east-2.compute.amazonaws.com",
            "public_ip": "18.224.13.163",
            "public_ipv4_pool": "amazon",
            "tags": {
              "Name": "IS531 NAT Gateway EIP"
            },
            "tags_all": {
              "Name": "IS531 NAT Gateway EIP"
            },
            "timeouts": null,
            "vpc": true
          },
          "sensitive_attributes": [],
          "private": "eyJlMmJmYjczMC1lY2FhLTExZTYtOGY4OC0zNDM2M2JjN2M0YzAiOnsiZGVsZXRlIjoxODAwMDAwMDAwMDAsInJlYWQiOjkwMDAwMDAwMDAwMCwidXBkYXRlIjozMDAwMDAwMDAwMDB9fQ==",
          "dependencies": [
            "aws_internet_gateway.project3_igw",
            "aws_vpc.project3_vpc"
          ]
        }
      ]
    },
    {
      "mode": "managed",
      "type": "aws_internet_gateway",
      "name": "project3_igw",
      "provider": "provider[\"registry.terraform.io/hashicorp/aws\"]",
      "instances": [
        {
          "schema_version": 0,
          "attributes": {
            "arn": "arn:aws:ec2:us-east-2:897503354578:internet-gateway/igw-0366a7cc991074373",
            "id": "igw-0366a7cc991074373",
            "owner_id": "897503354578",
            "tags": {
              "Name": "IS531 Main IGW"
            },
            "tags_all": {
              "Name": "IS531 Main IGW"
            },
            "timeouts": null,
            "vpc_id": "vpc-0e5daba1171de886c"
          },
          "sensitive_attributes": [],
          "private": "eyJlMmJmYjczMC1lY2FhLTExZTYtOGY4OC0zNDM2M2JjN2M0YzAiOnsiY3JlYXRlIjoxMjAwMDAwMDAwMDAwLCJkZWxldGUiOjEyMDAwMDAwMDAwMDAsInVwZGF0ZSI6MTIwMDAwMDAwMDAwMH19",
          "dependencies": [
            "aws_vpc.project3_vpc"
          ]
        }
      ]
    },
    {
      "mode": "managed",
      "type": "aws_nat_gateway",
      "name": "project3_nat",
      "provider": "provider[\"registry.terraform.io/hashicorp/aws\"]",
      "instances": [
        {
          "schema_version": 0,
          "attributes": {
            "allocation_id": "eipalloc-07a460177a631c689",
            "connectivity_type": "public",
            "id": "nat-0d2d883efcdfe593c",
            "network_interface_id": "eni-0d406705b335b0217",
            "private_ip": "10.1.1.13",
            "public_ip": "18.224.13.163",
            "subnet_id": "subnet-04c9e5db2b7dbc21b",
            "tags": {
              "Name": "IS531 Main NAT Gateway"
            },
            "tags_all": {
              "Name": "IS531 Main NAT Gateway"
            }
          },
          "sensitive_attributes": [],
          "private": "bnVsbA==",
          "dependencies": [
            "aws_eip.project3_nat_eip",
            "aws_internet_gateway.project3_igw",
            "aws_subnet.public",
            "aws_vpc.project3_vpc",
            "data.aws_availability_zones.available"
          ]
        }
      ]
    },
    {
      "mode": "managed",
      "type": "aws_route_table",
      "name": "private",
      "provider": "provider[\"registry.terraform.io/hashicorp/aws\"]",
      "instances": [
        {
          "schema_version": 0,
          "attributes": {
            "arn": "arn:aws:ec2:us-east-2:897503354578:route-table/rtb-0c4e2d21f9aa57864",
            "id": "rtb-0c4e2d21f9aa57864",
            "owner_id": "897503354578",
            "propagating_vgws": [],
            "route": [
              {
                "carrier_gateway_id": "",
                "cidr_block": "0.0.0.0/0",
                "core_network_arn": "",
                "destination_prefix_list_id": "",
                "egress_only_gateway_id": "",
                "gateway_id": "nat-0d2d883efcdfe593c",
                "instance_id": "",
                "ipv6_cidr_block": "",
                "local_gateway_id": "",
                "nat_gateway_id": "",
                "network_interface_id": "",
                "transit_gateway_id": "",
                "vpc_endpoint_id": "",
                "vpc_peering_connection_id": ""
              }
            ],
            "tags": {
              "Name": "IS531 Private Route Table"
            },
            "tags_all": {
              "Name": "IS531 Private Route Table"
            },
            "timeouts": null,
            "vpc_id": "vpc-0e5daba1171de886c"
          },
          "sensitive_attributes": [],
          "private": "eyJlMmJmYjczMC1lY2FhLTExZTYtOGY4OC0zNDM2M2JjN2M0YzAiOnsiY3JlYXRlIjozMDAwMDAwMDAwMDAsImRlbGV0ZSI6MzAwMDAwMDAwMDAwLCJ1cGRhdGUiOjEyMDAwMDAwMDAwMH19",
          "dependencies": [
            "aws_eip.project3_nat_eip",
            "aws_internet_gateway.project3_igw",
            "aws_nat_gateway.project3_nat",
            "aws_subnet.public",
            "aws_vpc.project3_vpc",
            "data.aws_availability_zones.available"
          ]
        }
      ]
    },
    {
      "mode": "managed",
      "type": "aws_route_table",
      "name": "public",
      "provider": "provider[\"registry.terraform.io/hashicorp/aws\"]",
      "instances": [
        {
          "schema_version": 0,
          "attributes": {
            "arn": "arn:aws:ec2:us-east-2:897503354578:route-table/rtb-074805cc83bca4c1a",
            "id": "rtb-074805cc83bca4c1a",
            "owner_id": "897503354578",
            "propagating_vgws": [],
            "route": [
              {
                "carrier_gateway_id": "",
                "cidr_block": "0.0.0.0/0",
                "core_network_arn": "",
                "destination_prefix_list_id": "",
                "egress_only_gateway_id": "",
                "gateway_id": "igw-0366a7cc991074373",
                "instance_id": "",
                "ipv6_cidr_block": "",
                "local_gateway_id": "",
                "nat_gateway_id": "",
                "network_interface_id": "",
                "transit_gateway_id": "",
                "vpc_endpoint_id": "",
                "vpc_peering_connection_id": ""
              }
            ],
            "tags": {
              "Name": "IS531 Public Route Table"
            },
            "tags_all": {
              "Name": "IS531 Public Route Table"
            },
            "timeouts": null,
            "vpc_id": "vpc-0e5daba1171de886c"
          },
          "sensitive_attributes": [],
          "private": "eyJlMmJmYjczMC1lY2FhLTExZTYtOGY4OC0zNDM2M2JjN2M0YzAiOnsiY3JlYXRlIjozMDAwMDAwMDAwMDAsImRlbGV0ZSI6MzAwMDAwMDAwMDAwLCJ1cGRhdGUiOjEyMDAwMDAwMDAwMH19",
          "dependencies": [
            "aws_internet_gateway.project3_igw",
            "aws_vpc.project3_vpc"
          ]
        }
      ]
    },
    {
      "mode": "managed",
      "type": "aws_route_table_association",
      "name": "Public2",
      "provider": "provider[\"registry.terraform.io/hashicorp/aws\"]",
      "instances": [
        {
          "schema_version": 0,
          "attributes": {
            "gateway_id": "",
            "id": "rtbassoc-09c4a13ed74627c71",
            "route_table_id": "rtb-074805cc83bca4c1a",
            "subnet_id": "subnet-00b40794d78155645"
          },
          "sensitive_attributes": [],
          "private": "bnVsbA==",
          "dependencies": [
            "aws_internet_gateway.project3_igw",
            "aws_route_table.public",
            "aws_subnet.public2",
            "aws_vpc.project3_vpc",
            "data.aws_availability_zones.available"
          ]
        }
      ]
    },
    {
      "mode": "managed",
      "type": "aws_route_table_association",
      "name": "private",
      "provider": "provider[\"registry.terraform.io/hashicorp/aws\"]",
      "instances": [
        {
          "schema_version": 0,
          "attributes": {
            "gateway_id": "",
            "id": "rtbassoc-0858801931c7d593d",
            "route_table_id": "rtb-0c4e2d21f9aa57864",
            "subnet_id": "subnet-0786435bc33bd07f9"
          },
          "sensitive_attributes": [],
          "private": "bnVsbA==",
          "dependencies": [
            "aws_eip.project3_nat_eip",
            "aws_internet_gateway.project3_igw",
            "aws_nat_gateway.project3_nat",
            "aws_route_table.private",
            "aws_subnet.private",
            "aws_subnet.public",
            "aws_vpc.project3_vpc",
            "data.aws_availability_zones.available"
          ]
        }
      ]
    },
    {
      "mode": "managed",
      "type": "aws_route_table_association",
      "name": "public",
      "provider": "provider[\"registry.terraform.io/hashicorp/aws\"]",
      "instances": [
        {
          "schema_version": 0,
          "attributes": {
            "gateway_id": "",
            "id": "rtbassoc-0d6ecc0471b475243",
            "route_table_id": "rtb-074805cc83bca4c1a",
            "subnet_id": "subnet-04c9e5db2b7dbc21b"
          },
          "sensitive_attributes": [],
          "private": "bnVsbA==",
          "dependencies": [
            "aws_internet_gateway.project3_igw",
            "aws_route_table.public",
            "aws_subnet.public",
            "aws_vpc.project3_vpc",
            "data.aws_availability_zones.available"
          ]
        }
      ]
    },
    {
      "mode": "managed",
      "type": "aws_s3_bucket",
      "name": "web_assets",
      "provider": "provider[\"registry.terraform.io/hashicorp/aws\"]",
      "instances": [
        {
          "schema_version": 0,
          "attributes": {
            "acceleration_status": "",
            "acl": null,
            "arn": "arn:aws:s3:::s3-web-assets-7ff8f70f1fbbaa70",
            "bucket": "s3-web-assets-7ff8f70f1fbbaa70",
            "bucket_domain_name": "s3-web-assets-7ff8f70f1fbbaa70.s3.amazonaws.com",
            "bucket_prefix": null,
            "bucket_regional_domain_name": "s3-web-assets-7ff8f70f1fbbaa70.s3.us-east-2.amazonaws.com",
            "cors_rule": [],
            "force_destroy": false,
            "grant": [
              {
                "id": "",
                "permissions": [
                  "READ",
                  "READ_ACP"
                ],
                "type": "Group",
                "uri": "http://acs.amazonaws.com/groups/global/AllUsers"
              },
              {
                "id": "839c183c2eeb9613b7358e2d0bb3404d08907541b685d4bafe500d9294789f07",
                "permissions": [
                  "FULL_CONTROL"
                ],
                "type": "CanonicalUser",
                "uri": ""
              }
            ],
            "hosted_zone_id": "Z2O1EMRO9K5GLX",
            "id": "s3-web-assets-7ff8f70f1fbbaa70",
            "lifecycle_rule": [],
            "logging": [],
            "object_lock_configuration": [],
            "object_lock_enabled": false,
            "policy": "",
            "region": "us-east-2",
            "replication_configuration": [],
            "request_payer": "BucketOwner",
            "server_side_encryption_configuration": [],
            "tags": {
              "Name": "web-assets-bucket"
            },
            "tags_all": {
              "Name": "web-assets-bucket"
            },
            "timeouts": null,
            "versioning": [
              {
                "enabled": false,
                "mfa_delete": false
              }
            ],
            "website": [],
            "website_domain": null,
            "website_endpoint": null
          },
          "sensitive_attributes": [],
          "private": "eyJlMmJmYjczMC1lY2FhLTExZTYtOGY4OC0zNDM2M2JjN2M0YzAiOnsiY3JlYXRlIjoxMjAwMDAwMDAwMDAwLCJkZWxldGUiOjM2MDAwMDAwMDAwMDAsInJlYWQiOjEyMDAwMDAwMDAwMDAsInVwZGF0ZSI6MTIwMDAwMDAwMDAwMH19",
          "dependencies": [
            "random_id.id"
          ]
        }
      ]
    },
    {
      "mode": "managed",
      "type": "aws_s3_bucket_acl",
      "name": "bucket_acl",
      "provider": "provider[\"registry.terraform.io/hashicorp/aws\"]",
      "instances": [
        {
          "schema_version": 0,
          "attributes": {
            "access_control_policy": [
              {
                "grant": [
                  {
                    "grantee": [
                      {
                        "display_name": "",
                        "email_address": "",
                        "id": "",
                        "type": "Group",
                        "uri": "http://acs.amazonaws.com/groups/global/AllUsers"
                      }
                    ],
                    "permission": "READ"
                  },
                  {
                    "grantee": [
                      {
                        "display_name": "",
                        "email_address": "",
                        "id": "",
                        "type": "Group",
                        "uri": "http://acs.amazonaws.com/groups/global/AllUsers"
                      }
                    ],
                    "permission": "READ_ACP"
                  },
                  {
                    "grantee": [
                      {
                        "display_name": "",
                        "email_address": "",
                        "id": "839c183c2eeb9613b7358e2d0bb3404d08907541b685d4bafe500d9294789f07",
                        "type": "CanonicalUser",
                        "uri": ""
                      }
                    ],
                    "permission": "FULL_CONTROL"
                  }
                ],
                "owner": [
                  {
                    "display_name": "",
                    "id": "839c183c2eeb9613b7358e2d0bb3404d08907541b685d4bafe500d9294789f07"
                  }
                ]
              }
            ],
            "acl": "public-read",
            "bucket": "s3-web-assets-7ff8f70f1fbbaa70",
            "expected_bucket_owner": "",
            "id": "s3-web-assets-7ff8f70f1fbbaa70,public-read"
          },
          "sensitive_attributes": [],
          "private": "bnVsbA==",
          "dependencies": [
            "aws_s3_bucket.web_assets",
            "random_id.id"
          ]
        }
      ]
    },
    {
      "mode": "managed",
      "type": "aws_s3_bucket_acl",
      "name": "s3_acl1",
      "provider": "provider[\"registry.terraform.io/hashicorp/aws\"]",
      "instances": [
        {
          "schema_version": 0,
          "attributes": {
            "access_control_policy": [
              {
                "grant": [
                  {
                    "grantee": [
                      {
                        "display_name": "",
                        "email_address": "",
                        "id": "",
                        "type": "Group",
                        "uri": "http://acs.amazonaws.com/groups/global/AllUsers"
                      }
                    ],
                    "permission": "READ"
                  },
                  {
                    "grantee": [
                      {
                        "display_name": "",
                        "email_address": "",
                        "id": "839c183c2eeb9613b7358e2d0bb3404d08907541b685d4bafe500d9294789f07",
                        "type": "CanonicalUser",
                        "uri": ""
                      }
                    ],
                    "permission": "FULL_CONTROL"
                  }
                ],
                "owner": [
                  {
                    "display_name": "",
                    "id": "839c183c2eeb9613b7358e2d0bb3404d08907541b685d4bafe500d9294789f07"
                  }
                ]
              }
            ],
            "acl": "public-read",
            "bucket": "s3-web-assets-7ff8f70f1fbbaa70",
            "expected_bucket_owner": "",
            "id": "s3-web-assets-7ff8f70f1fbbaa70,public-read"
          },
          "sensitive_attributes": [],
          "private": "bnVsbA==",
          "dependencies": [
            "aws_s3_bucket.web_assets",
            "random_id.id"
          ]
        }
      ]
    },
    {
      "mode": "managed",
      "type": "aws_s3_bucket_object",
      "name": "object1",
      "provider": "provider[\"registry.terraform.io/hashicorp/aws\"]",
      "instances": [
        {
          "index_key": "0_hd.png",
          "schema_version": 0,
          "attributes": {
            "acl": "private",
            "bucket": "s3-web-assets-7ff8f70f1fbbaa70",
            "bucket_key_enabled": false,
            "cache_control": "",
            "content": null,
            "content_base64": null,
            "content_disposition": "",
            "content_encoding": "",
            "content_language": "",
            "content_type": "image/png",
            "etag": "393bb116e4c17b33f69f9c9431306b61",
            "force_destroy": false,
            "id": "0_hd.png",
            "key": "0_hd.png",
            "kms_key_id": null,
            "metadata": {},
            "object_lock_legal_hold_status": "",
            "object_lock_mode": "",
            "object_lock_retain_until_date": "",
            "server_side_encryption": "",
            "source": "../images/0_hd.png",
            "source_hash": null,
            "storage_class": "STANDARD",
            "tags": {},
            "tags_all": {},
            "version_id": "",
            "website_redirect": ""
          },
          "sensitive_attributes": [],
          "private": "bnVsbA==",
          "dependencies": [
            "aws_s3_bucket.web_assets",
            "random_id.id"
          ]
        },
        {
          "index_key": "10_hd.png",
          "schema_version": 0,
          "attributes": {
            "acl": "private",
            "bucket": "s3-web-assets-7ff8f70f1fbbaa70",
            "bucket_key_enabled": false,
            "cache_control": "",
            "content": null,
            "content_base64": null,
            "content_disposition": "",
            "content_encoding": "",
            "content_language": "",
            "content_type": "image/png",
            "etag": "b776c3309e7e8ca035f0d826574a3e6e",
            "force_destroy": false,
            "id": "10_hd.png",
            "key": "10_hd.png",
            "kms_key_id": null,
            "metadata": {},
            "object_lock_legal_hold_status": "",
            "object_lock_mode": "",
            "object_lock_retain_until_date": "",
            "server_side_encryption": "",
            "source": "../images/10_hd.png",
            "source_hash": null,
            "storage_class": "STANDARD",
            "tags": {},
            "tags_all": {},
            "version_id": "",
            "website_redirect": ""
          },
          "sensitive_attributes": [],
          "private": "bnVsbA==",
          "dependencies": [
            "aws_s3_bucket.web_assets",
            "random_id.id"
          ]
        },
        {
          "index_key": "11_hd.png",
          "schema_version": 0,
          "attributes": {
            "acl": "private",
            "bucket": "s3-web-assets-7ff8f70f1fbbaa70",
            "bucket_key_enabled": false,
            "cache_control": "",
            "content": null,
            "content_base64": null,
            "content_disposition": "",
            "content_encoding": "",
            "content_language": "",
            "content_type": "image/png",
            "etag": "e3213f1776ecdac8f9bd15275c5d9a94",
            "force_destroy": false,
            "id": "11_hd.png",
            "key": "11_hd.png",
            "kms_key_id": null,
            "metadata": {},
            "object_lock_legal_hold_status": "",
            "object_lock_mode": "",
            "object_lock_retain_until_date": "",
            "server_side_encryption": "",
            "source": "../images/11_hd.png",
            "source_hash": null,
            "storage_class": "STANDARD",
            "tags": {},
            "tags_all": {},
            "version_id": "",
            "website_redirect": ""
          },
          "sensitive_attributes": [],
          "private": "bnVsbA==",
          "dependencies": [
            "aws_s3_bucket.web_assets",
            "random_id.id"
          ]
        },
        {
          "index_key": "12_hd.png",
          "schema_version": 0,
          "attributes": {
            "acl": "private",
            "bucket": "s3-web-assets-7ff8f70f1fbbaa70",
            "bucket_key_enabled": false,
            "cache_control": "",
            "content": null,
            "content_base64": null,
            "content_disposition": "",
            "content_encoding": "",
            "content_language": "",
            "content_type": "image/png",
            "etag": "9c5b99b6ff025bbb2a661a9d529be519",
            "force_destroy": false,
            "id": "12_hd.png",
            "key": "12_hd.png",
            "kms_key_id": null,
            "metadata": {},
            "object_lock_legal_hold_status": "",
            "object_lock_mode": "",
            "object_lock_retain_until_date": "",
            "server_side_encryption": "",
            "source": "../images/12_hd.png",
            "source_hash": null,
            "storage_class": "STANDARD",
            "tags": {},
            "tags_all": {},
            "version_id": "",
            "website_redirect": ""
          },
          "sensitive_attributes": [],
          "private": "bnVsbA==",
          "dependencies": [
            "aws_s3_bucket.web_assets",
            "random_id.id"
          ]
        },
        {
          "index_key": "13_hd.png",
          "schema_version": 0,
          "attributes": {
            "acl": "private",
            "bucket": "s3-web-assets-7ff8f70f1fbbaa70",
            "bucket_key_enabled": false,
            "cache_control": "",
            "content": null,
            "content_base64": null,
            "content_disposition": "",
            "content_encoding": "",
            "content_language": "",
            "content_type": "image/png",
            "etag": "6ea514d07f32070c320f0e5942bff515",
            "force_destroy": false,
            "id": "13_hd.png",
            "key": "13_hd.png",
            "kms_key_id": null,
            "metadata": {},
            "object_lock_legal_hold_status": "",
            "object_lock_mode": "",
            "object_lock_retain_until_date": "",
            "server_side_encryption": "",
            "source": "../images/13_hd.png",
            "source_hash": null,
            "storage_class": "STANDARD",
            "tags": {},
            "tags_all": {},
            "version_id": "",
            "website_redirect": ""
          },
          "sensitive_attributes": [],
          "private": "bnVsbA==",
          "dependencies": [
            "aws_s3_bucket.web_assets",
            "random_id.id"
          ]
        },
        {
          "index_key": "14_hd.png",
          "schema_version": 0,
          "attributes": {
            "acl": "private",
            "bucket": "s3-web-assets-7ff8f70f1fbbaa70",
            "bucket_key_enabled": false,
            "cache_control": "",
            "content": null,
            "content_base64": null,
            "content_disposition": "",
            "content_encoding": "",
            "content_language": "",
            "content_type": "image/png",
            "etag": "3d46d741a49ac49cc00136f6f6ce836b",
            "force_destroy": false,
            "id": "14_hd.png",
            "key": "14_hd.png",
            "kms_key_id": null,
            "metadata": {},
            "object_lock_legal_hold_status": "",
            "object_lock_mode": "",
            "object_lock_retain_until_date": "",
            "server_side_encryption": "",
            "source": "../images/14_hd.png",
            "source_hash": null,
            "storage_class": "STANDARD",
            "tags": {},
            "tags_all": {},
            "version_id": "",
            "website_redirect": ""
          },
          "sensitive_attributes": [],
          "private": "bnVsbA==",
          "dependencies": [
            "aws_s3_bucket.web_assets",
            "random_id.id"
          ]
        },
        {
          "index_key": "15_hd.png",
          "schema_version": 0,
          "attributes": {
            "acl": "private",
            "bucket": "s3-web-assets-7ff8f70f1fbbaa70",
            "bucket_key_enabled": false,
            "cache_control": "",
            "content": null,
            "content_base64": null,
            "content_disposition": "",
            "content_encoding": "",
            "content_language": "",
            "content_type": "image/png",
            "etag": "6304281189c161fbdd3df5ef7c1b8b56",
            "force_destroy": false,
            "id": "15_hd.png",
            "key": "15_hd.png",
            "kms_key_id": null,
            "metadata": {},
            "object_lock_legal_hold_status": "",
            "object_lock_mode": "",
            "object_lock_retain_until_date": "",
            "server_side_encryption": "",
            "source": "../images/15_hd.png",
            "source_hash": null,
            "storage_class": "STANDARD",
            "tags": {},
            "tags_all": {},
            "version_id": "",
            "website_redirect": ""
          },
          "sensitive_attributes": [],
          "private": "bnVsbA==",
          "dependencies": [
            "aws_s3_bucket.web_assets",
            "random_id.id"
          ]
        },
        {
          "index_key": "16_hd.png",
          "schema_version": 0,
          "attributes": {
            "acl": "private",
            "bucket": "s3-web-assets-7ff8f70f1fbbaa70",
            "bucket_key_enabled": false,
            "cache_control": "",
            "content": null,
            "content_base64": null,
            "content_disposition": "",
            "content_encoding": "",
            "content_language": "",
            "content_type": "image/png",
            "etag": "b7e35090cc7c51866499b5de148eb6e9",
            "force_destroy": false,
            "id": "16_hd.png",
            "key": "16_hd.png",
            "kms_key_id": null,
            "metadata": {},
            "object_lock_legal_hold_status": "",
            "object_lock_mode": "",
            "object_lock_retain_until_date": "",
            "server_side_encryption": "",
            "source": "../images/16_hd.png",
            "source_hash": null,
            "storage_class": "STANDARD",
            "tags": {},
            "tags_all": {},
            "version_id": "",
            "website_redirect": ""
          },
          "sensitive_attributes": [],
          "private": "bnVsbA==",
          "dependencies": [
            "aws_s3_bucket.web_assets",
            "random_id.id"
          ]
        },
        {
          "index_key": "17_hd.png",
          "schema_version": 0,
          "attributes": {
            "acl": "private",
            "bucket": "s3-web-assets-7ff8f70f1fbbaa70",
            "bucket_key_enabled": false,
            "cache_control": "",
            "content": null,
            "content_base64": null,
            "content_disposition": "",
            "content_encoding": "",
            "content_language": "",
            "content_type": "image/png",
            "etag": "5c1ede85768e96ad7a63052ce7248853",
            "force_destroy": false,
            "id": "17_hd.png",
            "key": "17_hd.png",
            "kms_key_id": null,
            "metadata": {},
            "object_lock_legal_hold_status": "",
            "object_lock_mode": "",
            "object_lock_retain_until_date": "",
            "server_side_encryption": "",
            "source": "../images/17_hd.png",
            "source_hash": null,
            "storage_class": "STANDARD",
            "tags": {},
            "tags_all": {},
            "version_id": "",
            "website_redirect": ""
          },
          "sensitive_attributes": [],
          "private": "bnVsbA==",
          "dependencies": [
            "aws_s3_bucket.web_assets",
            "random_id.id"
          ]
        },
        {
          "index_key": "18_hd.png",
          "schema_version": 0,
          "attributes": {
            "acl": "private",
            "bucket": "s3-web-assets-7ff8f70f1fbbaa70",
            "bucket_key_enabled": false,
            "cache_control": "",
            "content": null,
            "content_base64": null,
            "content_disposition": "",
            "content_encoding": "",
            "content_language": "",
            "content_type": "image/png",
            "etag": "918b0811d9227b024ca64dba1c056c80",
            "force_destroy": false,
            "id": "18_hd.png",
            "key": "18_hd.png",
            "kms_key_id": null,
            "metadata": {},
            "object_lock_legal_hold_status": "",
            "object_lock_mode": "",
            "object_lock_retain_until_date": "",
            "server_side_encryption": "",
            "source": "../images/18_hd.png",
            "source_hash": null,
            "storage_class": "STANDARD",
            "tags": {},
            "tags_all": {},
            "version_id": "",
            "website_redirect": ""
          },
          "sensitive_attributes": [],
          "private": "bnVsbA==",
          "dependencies": [
            "aws_s3_bucket.web_assets",
            "random_id.id"
          ]
        },
        {
          "index_key": "1_hd.png",
          "schema_version": 0,
          "attributes": {
            "acl": "private",
            "bucket": "s3-web-assets-7ff8f70f1fbbaa70",
            "bucket_key_enabled": false,
            "cache_control": "",
            "content": null,
            "content_base64": null,
            "content_disposition": "",
            "content_encoding": "",
            "content_language": "",
            "content_type": "image/png",
            "etag": "007e49a64b47b625140cdb172e5ea69f",
            "force_destroy": false,
            "id": "1_hd.png",
            "key": "1_hd.png",
            "kms_key_id": null,
            "metadata": {},
            "object_lock_legal_hold_status": "",
            "object_lock_mode": "",
            "object_lock_retain_until_date": "",
            "server_side_encryption": "",
            "source": "../images/1_hd.png",
            "source_hash": null,
            "storage_class": "STANDARD",
            "tags": {},
            "tags_all": {},
            "version_id": "",
            "website_redirect": ""
          },
          "sensitive_attributes": [],
          "private": "bnVsbA==",
          "dependencies": [
            "aws_s3_bucket.web_assets",
            "random_id.id"
          ]
        },
        {
          "index_key": "20_hd.png",
          "schema_version": 0,
          "attributes": {
            "acl": "private",
            "bucket": "s3-web-assets-7ff8f70f1fbbaa70",
            "bucket_key_enabled": false,
            "cache_control": "",
            "content": null,
            "content_base64": null,
            "content_disposition": "",
            "content_encoding": "",
            "content_language": "",
            "content_type": "image/png",
            "etag": "7e70a3b92728467d1d2f20e0f9afd489",
            "force_destroy": false,
            "id": "20_hd.png",
            "key": "20_hd.png",
            "kms_key_id": null,
            "metadata": {},
            "object_lock_legal_hold_status": "",
            "object_lock_mode": "",
            "object_lock_retain_until_date": "",
            "server_side_encryption": "",
            "source": "../images/20_hd.png",
            "source_hash": null,
            "storage_class": "STANDARD",
            "tags": {},
            "tags_all": {},
            "version_id": "",
            "website_redirect": ""
          },
          "sensitive_attributes": [],
          "private": "bnVsbA==",
          "dependencies": [
            "aws_s3_bucket.web_assets",
            "random_id.id"
          ]
        },
        {
          "index_key": "21_hd.png",
          "schema_version": 0,
          "attributes": {
            "acl": "private",
            "bucket": "s3-web-assets-7ff8f70f1fbbaa70",
            "bucket_key_enabled": false,
            "cache_control": "",
            "content": null,
            "content_base64": null,
            "content_disposition": "",
            "content_encoding": "",
            "content_language": "",
            "content_type": "image/png",
            "etag": "0d62c121af0ec3825107bb0e3843f2fc",
            "force_destroy": false,
            "id": "21_hd.png",
            "key": "21_hd.png",
            "kms_key_id": null,
            "metadata": {},
            "object_lock_legal_hold_status": "",
            "object_lock_mode": "",
            "object_lock_retain_until_date": "",
            "server_side_encryption": "",
            "source": "../images/21_hd.png",
            "source_hash": null,
            "storage_class": "STANDARD",
            "tags": {},
            "tags_all": {},
            "version_id": "",
            "website_redirect": ""
          },
          "sensitive_attributes": [],
          "private": "bnVsbA==",
          "dependencies": [
            "aws_s3_bucket.web_assets",
            "random_id.id"
          ]
        },
        {
          "index_key": "22_hd.png",
          "schema_version": 0,
          "attributes": {
            "acl": "private",
            "bucket": "s3-web-assets-7ff8f70f1fbbaa70",
            "bucket_key_enabled": false,
            "cache_control": "",
            "content": null,
            "content_base64": null,
            "content_disposition": "",
            "content_encoding": "",
            "content_language": "",
            "content_type": "image/png",
            "etag": "ac8d1a0f5f00bc204a25e791886bce4f",
            "force_destroy": false,
            "id": "22_hd.png",
            "key": "22_hd.png",
            "kms_key_id": null,
            "metadata": {},
            "object_lock_legal_hold_status": "",
            "object_lock_mode": "",
            "object_lock_retain_until_date": "",
            "server_side_encryption": "",
            "source": "../images/22_hd.png",
            "source_hash": null,
            "storage_class": "STANDARD",
            "tags": {},
            "tags_all": {},
            "version_id": "",
            "website_redirect": ""
          },
          "sensitive_attributes": [],
          "private": "bnVsbA==",
          "dependencies": [
            "aws_s3_bucket.web_assets",
            "random_id.id"
          ]
        },
        {
          "index_key": "23_hd.png",
          "schema_version": 0,
          "attributes": {
            "acl": "private",
            "bucket": "s3-web-assets-7ff8f70f1fbbaa70",
            "bucket_key_enabled": false,
            "cache_control": "",
            "content": null,
            "content_base64": null,
            "content_disposition": "",
            "content_encoding": "",
            "content_language": "",
            "content_type": "image/png",
            "etag": "4633032d497fb49af438f3bb44d4e228",
            "force_destroy": false,
            "id": "23_hd.png",
            "key": "23_hd.png",
            "kms_key_id": null,
            "metadata": {},
            "object_lock_legal_hold_status": "",
            "object_lock_mode": "",
            "object_lock_retain_until_date": "",
            "server_side_encryption": "",
            "source": "../images/23_hd.png",
            "source_hash": null,
            "storage_class": "STANDARD",
            "tags": {},
            "tags_all": {},
            "version_id": "",
            "website_redirect": ""
          },
          "sensitive_attributes": [],
          "private": "bnVsbA==",
          "dependencies": [
            "aws_s3_bucket.web_assets",
            "random_id.id"
          ]
        },
        {
          "index_key": "25_hd.png",
          "schema_version": 0,
          "attributes": {
            "acl": "private",
            "bucket": "s3-web-assets-7ff8f70f1fbbaa70",
            "bucket_key_enabled": false,
            "cache_control": "",
            "content": null,
            "content_base64": null,
            "content_disposition": "",
            "content_encoding": "",
            "content_language": "",
            "content_type": "image/png",
            "etag": "a59a0638e291dc52fefab122f6334c64",
            "force_destroy": false,
            "id": "25_hd.png",
            "key": "25_hd.png",
            "kms_key_id": null,
            "metadata": {},
            "object_lock_legal_hold_status": "",
            "object_lock_mode": "",
            "object_lock_retain_until_date": "",
            "server_side_encryption": "",
            "source": "../images/25_hd.png",
            "source_hash": null,
            "storage_class": "STANDARD",
            "tags": {},
            "tags_all": {},
            "version_id": "",
            "website_redirect": ""
          },
          "sensitive_attributes": [],
          "private": "bnVsbA==",
          "dependencies": [
            "aws_s3_bucket.web_assets",
            "random_id.id"
          ]
        },
        {
          "index_key": "26_hd.png",
          "schema_version": 0,
          "attributes": {
            "acl": "private",
            "bucket": "s3-web-assets-7ff8f70f1fbbaa70",
            "bucket_key_enabled": false,
            "cache_control": "",
            "content": null,
            "content_base64": null,
            "content_disposition": "",
            "content_encoding": "",
            "content_language": "",
            "content_type": "image/png",
            "etag": "05f5ad637a15bd436781e0d15519e747",
            "force_destroy": false,
            "id": "26_hd.png",
            "key": "26_hd.png",
            "kms_key_id": null,
            "metadata": {},
            "object_lock_legal_hold_status": "",
            "object_lock_mode": "",
            "object_lock_retain_until_date": "",
            "server_side_encryption": "",
            "source": "../images/26_hd.png",
            "source_hash": null,
            "storage_class": "STANDARD",
            "tags": {},
            "tags_all": {},
            "version_id": "",
            "website_redirect": ""
          },
          "sensitive_attributes": [],
          "private": "bnVsbA==",
          "dependencies": [
            "aws_s3_bucket.web_assets",
            "random_id.id"
          ]
        },
        {
          "index_key": "27_hd.png",
          "schema_version": 0,
          "attributes": {
            "acl": "private",
            "bucket": "s3-web-assets-7ff8f70f1fbbaa70",
            "bucket_key_enabled": false,
            "cache_control": "",
            "content": null,
            "content_base64": null,
            "content_disposition": "",
            "content_encoding": "",
            "content_language": "",
            "content_type": "image/png",
            "etag": "0dc8dab1ddf780f3bbcd9fcfc556f7ee",
            "force_destroy": false,
            "id": "27_hd.png",
            "key": "27_hd.png",
            "kms_key_id": null,
            "metadata": {},
            "object_lock_legal_hold_status": "",
            "object_lock_mode": "",
            "object_lock_retain_until_date": "",
            "server_side_encryption": "",
            "source": "../images/27_hd.png",
            "source_hash": null,
            "storage_class": "STANDARD",
            "tags": {},
            "tags_all": {},
            "version_id": "",
            "website_redirect": ""
          },
          "sensitive_attributes": [],
          "private": "bnVsbA==",
          "dependencies": [
            "aws_s3_bucket.web_assets",
            "random_id.id"
          ]
        },
        {
          "index_key": "28_hd.png",
          "schema_version": 0,
          "attributes": {
            "acl": "private",
            "bucket": "s3-web-assets-7ff8f70f1fbbaa70",
            "bucket_key_enabled": false,
            "cache_control": "",
            "content": null,
            "content_base64": null,
            "content_disposition": "",
            "content_encoding": "",
            "content_language": "",
            "content_type": "image/png",
            "etag": "47469d34bf620808fa317ab7eefd7be2",
            "force_destroy": false,
            "id": "28_hd.png",
            "key": "28_hd.png",
            "kms_key_id": null,
            "metadata": {},
            "object_lock_legal_hold_status": "",
            "object_lock_mode": "",
            "object_lock_retain_until_date": "",
            "server_side_encryption": "",
            "source": "../images/28_hd.png",
            "source_hash": null,
            "storage_class": "STANDARD",
            "tags": {},
            "tags_all": {},
            "version_id": "",
            "website_redirect": ""
          },
          "sensitive_attributes": [],
          "private": "bnVsbA==",
          "dependencies": [
            "aws_s3_bucket.web_assets",
            "random_id.id"
          ]
        },
        {
          "index_key": "29_hd.png",
          "schema_version": 0,
          "attributes": {
            "acl": "private",
            "bucket": "s3-web-assets-7ff8f70f1fbbaa70",
            "bucket_key_enabled": false,
            "cache_control": "",
            "content": null,
            "content_base64": null,
            "content_disposition": "",
            "content_encoding": "",
            "content_language": "",
            "content_type": "image/png",
            "etag": "79e75d1a68a53d9fe31bf0aebbe9964b",
            "force_destroy": false,
            "id": "29_hd.png",
            "key": "29_hd.png",
            "kms_key_id": null,
            "metadata": {},
            "object_lock_legal_hold_status": "",
            "object_lock_mode": "",
            "object_lock_retain_until_date": "",
            "server_side_encryption": "",
            "source": "../images/29_hd.png",
            "source_hash": null,
            "storage_class": "STANDARD",
            "tags": {},
            "tags_all": {},
            "version_id": "",
            "website_redirect": ""
          },
          "sensitive_attributes": [],
          "private": "bnVsbA==",
          "dependencies": [
            "aws_s3_bucket.web_assets",
            "random_id.id"
          ]
        },
        {
          "index_key": "2_hd.png",
          "schema_version": 0,
          "attributes": {
            "acl": "private",
            "bucket": "s3-web-assets-7ff8f70f1fbbaa70",
            "bucket_key_enabled": false,
            "cache_control": "",
            "content": null,
            "content_base64": null,
            "content_disposition": "",
            "content_encoding": "",
            "content_language": "",
            "content_type": "image/png",
            "etag": "921058b0a9e0c051aad7845104744247",
            "force_destroy": false,
            "id": "2_hd.png",
            "key": "2_hd.png",
            "kms_key_id": null,
            "metadata": {},
            "object_lock_legal_hold_status": "",
            "object_lock_mode": "",
            "object_lock_retain_until_date": "",
            "server_side_encryption": "",
            "source": "../images/2_hd.png",
            "source_hash": null,
            "storage_class": "STANDARD",
            "tags": {},
            "tags_all": {},
            "version_id": "",
            "website_redirect": ""
          },
          "sensitive_attributes": [],
          "private": "bnVsbA==",
          "dependencies": [
            "aws_s3_bucket.web_assets",
            "random_id.id"
          ]
        },
        {
          "index_key": "30_hd.png",
          "schema_version": 0,
          "attributes": {
            "acl": "private",
            "bucket": "s3-web-assets-7ff8f70f1fbbaa70",
            "bucket_key_enabled": false,
            "cache_control": "",
            "content": null,
            "content_base64": null,
            "content_disposition": "",
            "content_encoding": "",
            "content_language": "",
            "content_type": "image/png",
            "etag": "c3333d3b94b93f2ca332b917c31334f3",
            "force_destroy": false,
            "id": "30_hd.png",
            "key": "30_hd.png",
            "kms_key_id": null,
            "metadata": {},
            "object_lock_legal_hold_status": "",
            "object_lock_mode": "",
            "object_lock_retain_until_date": "",
            "server_side_encryption": "",
            "source": "../images/30_hd.png",
            "source_hash": null,
            "storage_class": "STANDARD",
            "tags": {},
            "tags_all": {},
            "version_id": "",
            "website_redirect": ""
          },
          "sensitive_attributes": [],
          "private": "bnVsbA==",
          "dependencies": [
            "aws_s3_bucket.web_assets",
            "random_id.id"
          ]
        },
        {
          "index_key": "31_hd.png",
          "schema_version": 0,
          "attributes": {
            "acl": "private",
            "bucket": "s3-web-assets-7ff8f70f1fbbaa70",
            "bucket_key_enabled": false,
            "cache_control": "",
            "content": null,
            "content_base64": null,
            "content_disposition": "",
            "content_encoding": "",
            "content_language": "",
            "content_type": "image/png",
            "etag": "a3a52ccd2cb4b35cb26f7d03026e00ca",
            "force_destroy": false,
            "id": "31_hd.png",
            "key": "31_hd.png",
            "kms_key_id": null,
            "metadata": {},
            "object_lock_legal_hold_status": "",
            "object_lock_mode": "",
            "object_lock_retain_until_date": "",
            "server_side_encryption": "",
            "source": "../images/31_hd.png",
            "source_hash": null,
            "storage_class": "STANDARD",
            "tags": {},
            "tags_all": {},
            "version_id": "",
            "website_redirect": ""
          },
          "sensitive_attributes": [],
          "private": "bnVsbA==",
          "dependencies": [
            "aws_s3_bucket.web_assets",
            "random_id.id"
          ]
        },
        {
          "index_key": "32_hd.png",
          "schema_version": 0,
          "attributes": {
            "acl": "private",
            "bucket": "s3-web-assets-7ff8f70f1fbbaa70",
            "bucket_key_enabled": false,
            "cache_control": "",
            "content": null,
            "content_base64": null,
            "content_disposition": "",
            "content_encoding": "",
            "content_language": "",
            "content_type": "image/png",
            "etag": "6147b857ab2b9172e0fc035b83b32069",
            "force_destroy": false,
            "id": "32_hd.png",
            "key": "32_hd.png",
            "kms_key_id": null,
            "metadata": {},
            "object_lock_legal_hold_status": "",
            "object_lock_mode": "",
            "object_lock_retain_until_date": "",
            "server_side_encryption": "",
            "source": "../images/32_hd.png",
            "source_hash": null,
            "storage_class": "STANDARD",
            "tags": {},
            "tags_all": {},
            "version_id": "",
            "website_redirect": ""
          },
          "sensitive_attributes": [],
          "private": "bnVsbA==",
          "dependencies": [
            "aws_s3_bucket.web_assets",
            "random_id.id"
          ]
        },
        {
          "index_key": "33_hd.png",
          "schema_version": 0,
          "attributes": {
            "acl": "private",
            "bucket": "s3-web-assets-7ff8f70f1fbbaa70",
            "bucket_key_enabled": false,
            "cache_control": "",
            "content": null,
            "content_base64": null,
            "content_disposition": "",
            "content_encoding": "",
            "content_language": "",
            "content_type": "image/png",
            "etag": "29c544c545a57a641dd75b390626cc38",
            "force_destroy": false,
            "id": "33_hd.png",
            "key": "33_hd.png",
            "kms_key_id": null,
            "metadata": {},
            "object_lock_legal_hold_status": "",
            "object_lock_mode": "",
            "object_lock_retain_until_date": "",
            "server_side_encryption": "",
            "source": "../images/33_hd.png",
            "source_hash": null,
            "storage_class": "STANDARD",
            "tags": {},
            "tags_all": {},
            "version_id": "",
            "website_redirect": ""
          },
          "sensitive_attributes": [],
          "private": "bnVsbA==",
          "dependencies": [
            "aws_s3_bucket.web_assets",
            "random_id.id"
          ]
        },
        {
          "index_key": "34_hd.png",
          "schema_version": 0,
          "attributes": {
            "acl": "private",
            "bucket": "s3-web-assets-7ff8f70f1fbbaa70",
            "bucket_key_enabled": false,
            "cache_control": "",
            "content": null,
            "content_base64": null,
            "content_disposition": "",
            "content_encoding": "",
            "content_language": "",
            "content_type": "image/png",
            "etag": "ee5e57b39ca54b770a9e6dc792241b45",
            "force_destroy": false,
            "id": "34_hd.png",
            "key": "34_hd.png",
            "kms_key_id": null,
            "metadata": {},
            "object_lock_legal_hold_status": "",
            "object_lock_mode": "",
            "object_lock_retain_until_date": "",
            "server_side_encryption": "",
            "source": "../images/34_hd.png",
            "source_hash": null,
            "storage_class": "STANDARD",
            "tags": {},
            "tags_all": {},
            "version_id": "",
            "website_redirect": ""
          },
          "sensitive_attributes": [],
          "private": "bnVsbA==",
          "dependencies": [
            "aws_s3_bucket.web_assets",
            "random_id.id"
          ]
        },
        {
          "index_key": "36_hd.png",
          "schema_version": 0,
          "attributes": {
            "acl": "private",
            "bucket": "s3-web-assets-7ff8f70f1fbbaa70",
            "bucket_key_enabled": false,
            "cache_control": "",
            "content": null,
            "content_base64": null,
            "content_disposition": "",
            "content_encoding": "",
            "content_language": "",
            "content_type": "image/png",
            "etag": "aa79da378fa9e82fa2c8846531619032",
            "force_destroy": false,
            "id": "36_hd.png",
            "key": "36_hd.png",
            "kms_key_id": null,
            "metadata": {},
            "object_lock_legal_hold_status": "",
            "object_lock_mode": "",
            "object_lock_retain_until_date": "",
            "server_side_encryption": "",
            "source": "../images/36_hd.png",
            "source_hash": null,
            "storage_class": "STANDARD",
            "tags": {},
            "tags_all": {},
            "version_id": "",
            "website_redirect": ""
          },
          "sensitive_attributes": [],
          "private": "bnVsbA==",
          "dependencies": [
            "aws_s3_bucket.web_assets",
            "random_id.id"
          ]
        },
        {
          "index_key": "37_hd.png",
          "schema_version": 0,
          "attributes": {
            "acl": "private",
            "bucket": "s3-web-assets-7ff8f70f1fbbaa70",
            "bucket_key_enabled": false,
            "cache_control": "",
            "content": null,
            "content_base64": null,
            "content_disposition": "",
            "content_encoding": "",
            "content_language": "",
            "content_type": "image/png",
            "etag": "07adca60674f135443f82cd0481fd14e",
            "force_destroy": false,
            "id": "37_hd.png",
            "key": "37_hd.png",
            "kms_key_id": null,
            "metadata": {},
            "object_lock_legal_hold_status": "",
            "object_lock_mode": "",
            "object_lock_retain_until_date": "",
            "server_side_encryption": "",
            "source": "../images/37_hd.png",
            "source_hash": null,
            "storage_class": "STANDARD",
            "tags": {},
            "tags_all": {},
            "version_id": "",
            "website_redirect": ""
          },
          "sensitive_attributes": [],
          "private": "bnVsbA==",
          "dependencies": [
            "aws_s3_bucket.web_assets",
            "random_id.id"
          ]
        },
        {
          "index_key": "38_hd.png",
          "schema_version": 0,
          "attributes": {
            "acl": "private",
            "bucket": "s3-web-assets-7ff8f70f1fbbaa70",
            "bucket_key_enabled": false,
            "cache_control": "",
            "content": null,
            "content_base64": null,
            "content_disposition": "",
            "content_encoding": "",
            "content_language": "",
            "content_type": "image/png",
            "etag": "c6293b25ae449943fcf654ea7fef16b4",
            "force_destroy": false,
            "id": "38_hd.png",
            "key": "38_hd.png",
            "kms_key_id": null,
            "metadata": {},
            "object_lock_legal_hold_status": "",
            "object_lock_mode": "",
            "object_lock_retain_until_date": "",
            "server_side_encryption": "",
            "source": "../images/38_hd.png",
            "source_hash": null,
            "storage_class": "STANDARD",
            "tags": {},
            "tags_all": {},
            "version_id": "",
            "website_redirect": ""
          },
          "sensitive_attributes": [],
          "private": "bnVsbA==",
          "dependencies": [
            "aws_s3_bucket.web_assets",
            "random_id.id"
          ]
        },
        {
          "index_key": "39_hd.png",
          "schema_version": 0,
          "attributes": {
            "acl": "private",
            "bucket": "s3-web-assets-7ff8f70f1fbbaa70",
            "bucket_key_enabled": false,
            "cache_control": "",
            "content": null,
            "content_base64": null,
            "content_disposition": "",
            "content_encoding": "",
            "content_language": "",
            "content_type": "image/png",
            "etag": "23a491ae235ac81064c0d8a0fe2dcc88",
            "force_destroy": false,
            "id": "39_hd.png",
            "key": "39_hd.png",
            "kms_key_id": null,
            "metadata": {},
            "object_lock_legal_hold_status": "",
            "object_lock_mode": "",
            "object_lock_retain_until_date": "",
            "server_side_encryption": "",
            "source": "../images/39_hd.png",
            "source_hash": null,
            "storage_class": "STANDARD",
            "tags": {},
            "tags_all": {},
            "version_id": "",
            "website_redirect": ""
          },
          "sensitive_attributes": [],
          "private": "bnVsbA==",
          "dependencies": [
            "aws_s3_bucket.web_assets",
            "random_id.id"
          ]
        },
        {
          "index_key": "3_hd.png",
          "schema_version": 0,
          "attributes": {
            "acl": "private",
            "bucket": "s3-web-assets-7ff8f70f1fbbaa70",
            "bucket_key_enabled": false,
            "cache_control": "",
            "content": null,
            "content_base64": null,
            "content_disposition": "",
            "content_encoding": "",
            "content_language": "",
            "content_type": "image/png",
            "etag": "4f153c66b0db4ebb6f415b0911f18cea",
            "force_destroy": false,
            "id": "3_hd.png",
            "key": "3_hd.png",
            "kms_key_id": null,
            "metadata": {},
            "object_lock_legal_hold_status": "",
            "object_lock_mode": "",
            "object_lock_retain_until_date": "",
            "server_side_encryption": "",
            "source": "../images/3_hd.png",
            "source_hash": null,
            "storage_class": "STANDARD",
            "tags": {},
            "tags_all": {},
            "version_id": "",
            "website_redirect": ""
          },
          "sensitive_attributes": [],
          "private": "bnVsbA==",
          "dependencies": [
            "aws_s3_bucket.web_assets",
            "random_id.id"
          ]
        },
        {
          "index_key": "40_hd.png",
          "schema_version": 0,
          "attributes": {
            "acl": "private",
            "bucket": "s3-web-assets-7ff8f70f1fbbaa70",
            "bucket_key_enabled": false,
            "cache_control": "",
            "content": null,
            "content_base64": null,
            "content_disposition": "",
            "content_encoding": "",
            "content_language": "",
            "content_type": "image/png",
            "etag": "ae371397441d8c7d12a26d4ef33e4be0",
            "force_destroy": false,
            "id": "40_hd.png",
            "key": "40_hd.png",
            "kms_key_id": null,
            "metadata": {},
            "object_lock_legal_hold_status": "",
            "object_lock_mode": "",
            "object_lock_retain_until_date": "",
            "server_side_encryption": "",
            "source": "../images/40_hd.png",
            "source_hash": null,
            "storage_class": "STANDARD",
            "tags": {},
            "tags_all": {},
            "version_id": "",
            "website_redirect": ""
          },
          "sensitive_attributes": [],
          "private": "bnVsbA==",
          "dependencies": [
            "aws_s3_bucket.web_assets",
            "random_id.id"
          ]
        },
        {
          "index_key": "41_hd.png",
          "schema_version": 0,
          "attributes": {
            "acl": "private",
            "bucket": "s3-web-assets-7ff8f70f1fbbaa70",
            "bucket_key_enabled": false,
            "cache_control": "",
            "content": null,
            "content_base64": null,
            "content_disposition": "",
            "content_encoding": "",
            "content_language": "",
            "content_type": "image/png",
            "etag": "cf6660f3aa5699892c75e1a09d9cc731",
            "force_destroy": false,
            "id": "41_hd.png",
            "key": "41_hd.png",
            "kms_key_id": null,
            "metadata": {},
            "object_lock_legal_hold_status": "",
            "object_lock_mode": "",
            "object_lock_retain_until_date": "",
            "server_side_encryption": "",
            "source": "../images/41_hd.png",
            "source_hash": null,
            "storage_class": "STANDARD",
            "tags": {},
            "tags_all": {},
            "version_id": "",
            "website_redirect": ""
          },
          "sensitive_attributes": [],
          "private": "bnVsbA==",
          "dependencies": [
            "aws_s3_bucket.web_assets",
            "random_id.id"
          ]
        },
        {
          "index_key": "42_hd.png",
          "schema_version": 0,
          "attributes": {
            "acl": "private",
            "bucket": "s3-web-assets-7ff8f70f1fbbaa70",
            "bucket_key_enabled": false,
            "cache_control": "",
            "content": null,
            "content_base64": null,
            "content_disposition": "",
            "content_encoding": "",
            "content_language": "",
            "content_type": "image/png",
            "etag": "4d4e5223f18b67ce2a9224728307c3f1",
            "force_destroy": false,
            "id": "42_hd.png",
            "key": "42_hd.png",
            "kms_key_id": null,
            "metadata": {},
            "object_lock_legal_hold_status": "",
            "object_lock_mode": "",
            "object_lock_retain_until_date": "",
            "server_side_encryption": "",
            "source": "../images/42_hd.png",
            "source_hash": null,
            "storage_class": "STANDARD",
            "tags": {},
            "tags_all": {},
            "version_id": "",
            "website_redirect": ""
          },
          "sensitive_attributes": [],
          "private": "bnVsbA==",
          "dependencies": [
            "aws_s3_bucket.web_assets",
            "random_id.id"
          ]
        },
        {
          "index_key": "43_hd.png",
          "schema_version": 0,
          "attributes": {
            "acl": "private",
            "bucket": "s3-web-assets-7ff8f70f1fbbaa70",
            "bucket_key_enabled": false,
            "cache_control": "",
            "content": null,
            "content_base64": null,
            "content_disposition": "",
            "content_encoding": "",
            "content_language": "",
            "content_type": "image/png",
            "etag": "eb446ed5281db0adbe3db314133981bf",
            "force_destroy": false,
            "id": "43_hd.png",
            "key": "43_hd.png",
            "kms_key_id": null,
            "metadata": {},
            "object_lock_legal_hold_status": "",
            "object_lock_mode": "",
            "object_lock_retain_until_date": "",
            "server_side_encryption": "",
            "source": "../images/43_hd.png",
            "source_hash": null,
            "storage_class": "STANDARD",
            "tags": {},
            "tags_all": {},
            "version_id": "",
            "website_redirect": ""
          },
          "sensitive_attributes": [],
          "private": "bnVsbA==",
          "dependencies": [
            "aws_s3_bucket.web_assets",
            "random_id.id"
          ]
        },
        {
          "index_key": "44_hd.png",
          "schema_version": 0,
          "attributes": {
            "acl": "private",
            "bucket": "s3-web-assets-7ff8f70f1fbbaa70",
            "bucket_key_enabled": false,
            "cache_control": "",
            "content": null,
            "content_base64": null,
            "content_disposition": "",
            "content_encoding": "",
            "content_language": "",
            "content_type": "image/png",
            "etag": "2451bd7df6b2368ebe4fd3dca51b1120",
            "force_destroy": false,
            "id": "44_hd.png",
            "key": "44_hd.png",
            "kms_key_id": null,
            "metadata": {},
            "object_lock_legal_hold_status": "",
            "object_lock_mode": "",
            "object_lock_retain_until_date": "",
            "server_side_encryption": "",
            "source": "../images/44_hd.png",
            "source_hash": null,
            "storage_class": "STANDARD",
            "tags": {},
            "tags_all": {},
            "version_id": "",
            "website_redirect": ""
          },
          "sensitive_attributes": [],
          "private": "bnVsbA==",
          "dependencies": [
            "aws_s3_bucket.web_assets",
            "random_id.id"
          ]
        },
        {
          "index_key": "45_hd.png",
          "schema_version": 0,
          "attributes": {
            "acl": "private",
            "bucket": "s3-web-assets-7ff8f70f1fbbaa70",
            "bucket_key_enabled": false,
            "cache_control": "",
            "content": null,
            "content_base64": null,
            "content_disposition": "",
            "content_encoding": "",
            "content_language": "",
            "content_type": "image/png",
            "etag": "412037d7ac1dc498f5968d4797df5478",
            "force_destroy": false,
            "id": "45_hd.png",
            "key": "45_hd.png",
            "kms_key_id": null,
            "metadata": {},
            "object_lock_legal_hold_status": "",
            "object_lock_mode": "",
            "object_lock_retain_until_date": "",
            "server_side_encryption": "",
            "source": "../images/45_hd.png",
            "source_hash": null,
            "storage_class": "STANDARD",
            "tags": {},
            "tags_all": {},
            "version_id": "",
            "website_redirect": ""
          },
          "sensitive_attributes": [],
          "private": "bnVsbA==",
          "dependencies": [
            "aws_s3_bucket.web_assets",
            "random_id.id"
          ]
        },
        {
          "index_key": "46_hd.png",
          "schema_version": 0,
          "attributes": {
            "acl": "private",
            "bucket": "s3-web-assets-7ff8f70f1fbbaa70",
            "bucket_key_enabled": false,
            "cache_control": "",
            "content": null,
            "content_base64": null,
            "content_disposition": "",
            "content_encoding": "",
            "content_language": "",
            "content_type": "image/png",
            "etag": "f291c8f6647bc6997a613b8ae6406563",
            "force_destroy": false,
            "id": "46_hd.png",
            "key": "46_hd.png",
            "kms_key_id": null,
            "metadata": {},
            "object_lock_legal_hold_status": "",
            "object_lock_mode": "",
            "object_lock_retain_until_date": "",
            "server_side_encryption": "",
            "source": "../images/46_hd.png",
            "source_hash": null,
            "storage_class": "STANDARD",
            "tags": {},
            "tags_all": {},
            "version_id": "",
            "website_redirect": ""
          },
          "sensitive_attributes": [],
          "private": "bnVsbA==",
          "dependencies": [
            "aws_s3_bucket.web_assets",
            "random_id.id"
          ]
        },
        {
          "index_key": "47_hd.png",
          "schema_version": 0,
          "attributes": {
            "acl": "private",
            "bucket": "s3-web-assets-7ff8f70f1fbbaa70",
            "bucket_key_enabled": false,
            "cache_control": "",
            "content": null,
            "content_base64": null,
            "content_disposition": "",
            "content_encoding": "",
            "content_language": "",
            "content_type": "image/png",
            "etag": "b9b89eb61c51dafb66729642dffb4f24",
            "force_destroy": false,
            "id": "47_hd.png",
            "key": "47_hd.png",
            "kms_key_id": null,
            "metadata": {},
            "object_lock_legal_hold_status": "",
            "object_lock_mode": "",
            "object_lock_retain_until_date": "",
            "server_side_encryption": "",
            "source": "../images/47_hd.png",
            "source_hash": null,
            "storage_class": "STANDARD",
            "tags": {},
            "tags_all": {},
            "version_id": "",
            "website_redirect": ""
          },
          "sensitive_attributes": [],
          "private": "bnVsbA==",
          "dependencies": [
            "aws_s3_bucket.web_assets",
            "random_id.id"
          ]
        },
        {
          "index_key": "48_hd.png",
          "schema_version": 0,
          "attributes": {
            "acl": "private",
            "bucket": "s3-web-assets-7ff8f70f1fbbaa70",
            "bucket_key_enabled": false,
            "cache_control": "",
            "content": null,
            "content_base64": null,
            "content_disposition": "",
            "content_encoding": "",
            "content_language": "",
            "content_type": "image/png",
            "etag": "dc267982a5cee72e7e0de22497c4acdc",
            "force_destroy": false,
            "id": "48_hd.png",
            "key": "48_hd.png",
            "kms_key_id": null,
            "metadata": {},
            "object_lock_legal_hold_status": "",
            "object_lock_mode": "",
            "object_lock_retain_until_date": "",
            "server_side_encryption": "",
            "source": "../images/48_hd.png",
            "source_hash": null,
            "storage_class": "STANDARD",
            "tags": {},
            "tags_all": {},
            "version_id": "",
            "website_redirect": ""
          },
          "sensitive_attributes": [],
          "private": "bnVsbA==",
          "dependencies": [
            "aws_s3_bucket.web_assets",
            "random_id.id"
          ]
        },
        {
          "index_key": "49_hd.png",
          "schema_version": 0,
          "attributes": {
            "acl": "private",
            "bucket": "s3-web-assets-7ff8f70f1fbbaa70",
            "bucket_key_enabled": false,
            "cache_control": "",
            "content": null,
            "content_base64": null,
            "content_disposition": "",
            "content_encoding": "",
            "content_language": "",
            "content_type": "image/png",
            "etag": "cf7821a48163286d8140c644408fe99a",
            "force_destroy": false,
            "id": "49_hd.png",
            "key": "49_hd.png",
            "kms_key_id": null,
            "metadata": {},
            "object_lock_legal_hold_status": "",
            "object_lock_mode": "",
            "object_lock_retain_until_date": "",
            "server_side_encryption": "",
            "source": "../images/49_hd.png",
            "source_hash": null,
            "storage_class": "STANDARD",
            "tags": {},
            "tags_all": {},
            "version_id": "",
            "website_redirect": ""
          },
          "sensitive_attributes": [],
          "private": "bnVsbA==",
          "dependencies": [
            "aws_s3_bucket.web_assets",
            "random_id.id"
          ]
        },
        {
          "index_key": "4_hd.png",
          "schema_version": 0,
          "attributes": {
            "acl": "private",
            "bucket": "s3-web-assets-7ff8f70f1fbbaa70",
            "bucket_key_enabled": false,
            "cache_control": "",
            "content": null,
            "content_base64": null,
            "content_disposition": "",
            "content_encoding": "",
            "content_language": "",
            "content_type": "image/png",
            "etag": "0da40075031725eb57da5a412f3ddeec",
            "force_destroy": false,
            "id": "4_hd.png",
            "key": "4_hd.png",
            "kms_key_id": null,
            "metadata": {},
            "object_lock_legal_hold_status": "",
            "object_lock_mode": "",
            "object_lock_retain_until_date": "",
            "server_side_encryption": "",
            "source": "../images/4_hd.png",
            "source_hash": null,
            "storage_class": "STANDARD",
            "tags": {},
            "tags_all": {},
            "version_id": "",
            "website_redirect": ""
          },
          "sensitive_attributes": [],
          "private": "bnVsbA==",
          "dependencies": [
            "aws_s3_bucket.web_assets",
            "random_id.id"
          ]
        },
        {
          "index_key": "50_hd.png",
          "schema_version": 0,
          "attributes": {
            "acl": "private",
            "bucket": "s3-web-assets-7ff8f70f1fbbaa70",
            "bucket_key_enabled": false,
            "cache_control": "",
            "content": null,
            "content_base64": null,
            "content_disposition": "",
            "content_encoding": "",
            "content_language": "",
            "content_type": "image/png",
            "etag": "80361782e34264a63498370795901cc3",
            "force_destroy": false,
            "id": "50_hd.png",
            "key": "50_hd.png",
            "kms_key_id": null,
            "metadata": {},
            "object_lock_legal_hold_status": "",
            "object_lock_mode": "",
            "object_lock_retain_until_date": "",
            "server_side_encryption": "",
            "source": "../images/50_hd.png",
            "source_hash": null,
            "storage_class": "STANDARD",
            "tags": {},
            "tags_all": {},
            "version_id": "",
            "website_redirect": ""
          },
          "sensitive_attributes": [],
          "private": "bnVsbA==",
          "dependencies": [
            "aws_s3_bucket.web_assets",
            "random_id.id"
          ]
        },
        {
          "index_key": "52_hd.png",
          "schema_version": 0,
          "attributes": {
            "acl": "private",
            "bucket": "s3-web-assets-7ff8f70f1fbbaa70",
            "bucket_key_enabled": false,
            "cache_control": "",
            "content": null,
            "content_base64": null,
            "content_disposition": "",
            "content_encoding": "",
            "content_language": "",
            "content_type": "image/png",
            "etag": "012343f7ff901e430c414f65a310c724",
            "force_destroy": false,
            "id": "52_hd.png",
            "key": "52_hd.png",
            "kms_key_id": null,
            "metadata": {},
            "object_lock_legal_hold_status": "",
            "object_lock_mode": "",
            "object_lock_retain_until_date": "",
            "server_side_encryption": "",
            "source": "../images/52_hd.png",
            "source_hash": null,
            "storage_class": "STANDARD",
            "tags": {},
            "tags_all": {},
            "version_id": "",
            "website_redirect": ""
          },
          "sensitive_attributes": [],
          "private": "bnVsbA==",
          "dependencies": [
            "aws_s3_bucket.web_assets",
            "random_id.id"
          ]
        },
        {
          "index_key": "53_hd.png",
          "schema_version": 0,
          "attributes": {
            "acl": "private",
            "bucket": "s3-web-assets-7ff8f70f1fbbaa70",
            "bucket_key_enabled": false,
            "cache_control": "",
            "content": null,
            "content_base64": null,
            "content_disposition": "",
            "content_encoding": "",
            "content_language": "",
            "content_type": "image/png",
            "etag": "3dd93eab29ab81b3cc6b94e656c5c617",
            "force_destroy": false,
            "id": "53_hd.png",
            "key": "53_hd.png",
            "kms_key_id": null,
            "metadata": {},
            "object_lock_legal_hold_status": "",
            "object_lock_mode": "",
            "object_lock_retain_until_date": "",
            "server_side_encryption": "",
            "source": "../images/53_hd.png",
            "source_hash": null,
            "storage_class": "STANDARD",
            "tags": {},
            "tags_all": {},
            "version_id": "",
            "website_redirect": ""
          },
          "sensitive_attributes": [],
          "private": "bnVsbA==",
          "dependencies": [
            "aws_s3_bucket.web_assets",
            "random_id.id"
          ]
        },
        {
          "index_key": "55_hd.png",
          "schema_version": 0,
          "attributes": {
            "acl": "private",
            "bucket": "s3-web-assets-7ff8f70f1fbbaa70",
            "bucket_key_enabled": false,
            "cache_control": "",
            "content": null,
            "content_base64": null,
            "content_disposition": "",
            "content_encoding": "",
            "content_language": "",
            "content_type": "image/png",
            "etag": "5f056285711b889102561f525bc2e7ee",
            "force_destroy": false,
            "id": "55_hd.png",
            "key": "55_hd.png",
            "kms_key_id": null,
            "metadata": {},
            "object_lock_legal_hold_status": "",
            "object_lock_mode": "",
            "object_lock_retain_until_date": "",
            "server_side_encryption": "",
            "source": "../images/55_hd.png",
            "source_hash": null,
            "storage_class": "STANDARD",
            "tags": {},
            "tags_all": {},
            "version_id": "",
            "website_redirect": ""
          },
          "sensitive_attributes": [],
          "private": "bnVsbA==",
          "dependencies": [
            "aws_s3_bucket.web_assets",
            "random_id.id"
          ]
        },
        {
          "index_key": "56_hd.png",
          "schema_version": 0,
          "attributes": {
            "acl": "private",
            "bucket": "s3-web-assets-7ff8f70f1fbbaa70",
            "bucket_key_enabled": false,
            "cache_control": "",
            "content": null,
            "content_base64": null,
            "content_disposition": "",
            "content_encoding": "",
            "content_language": "",
            "content_type": "image/png",
            "etag": "a46adfe431de7789db3a8e00ab23ed88",
            "force_destroy": false,
            "id": "56_hd.png",
            "key": "56_hd.png",
            "kms_key_id": null,
            "metadata": {},
            "object_lock_legal_hold_status": "",
            "object_lock_mode": "",
            "object_lock_retain_until_date": "",
            "server_side_encryption": "",
            "source": "../images/56_hd.png",
            "source_hash": null,
            "storage_class": "STANDARD",
            "tags": {},
            "tags_all": {},
            "version_id": "",
            "website_redirect": ""
          },
          "sensitive_attributes": [],
          "private": "bnVsbA==",
          "dependencies": [
            "aws_s3_bucket.web_assets",
            "random_id.id"
          ]
        },
        {
          "index_key": "58_hd.png",
          "schema_version": 0,
          "attributes": {
            "acl": "private",
            "bucket": "s3-web-assets-7ff8f70f1fbbaa70",
            "bucket_key_enabled": false,
            "cache_control": "",
            "content": null,
            "content_base64": null,
            "content_disposition": "",
            "content_encoding": "",
            "content_language": "",
            "content_type": "image/png",
            "etag": "90c8d410198cd1d9703a38437c55302f",
            "force_destroy": false,
            "id": "58_hd.png",
            "key": "58_hd.png",
            "kms_key_id": null,
            "metadata": {},
            "object_lock_legal_hold_status": "",
            "object_lock_mode": "",
            "object_lock_retain_until_date": "",
            "server_side_encryption": "",
            "source": "../images/58_hd.png",
            "source_hash": null,
            "storage_class": "STANDARD",
            "tags": {},
            "tags_all": {},
            "version_id": "",
            "website_redirect": ""
          },
          "sensitive_attributes": [],
          "private": "bnVsbA==",
          "dependencies": [
            "aws_s3_bucket.web_assets",
            "random_id.id"
          ]
        },
        {
          "index_key": "59_hd.png",
          "schema_version": 0,
          "attributes": {
            "acl": "private",
            "bucket": "s3-web-assets-7ff8f70f1fbbaa70",
            "bucket_key_enabled": false,
            "cache_control": "",
            "content": null,
            "content_base64": null,
            "content_disposition": "",
            "content_encoding": "",
            "content_language": "",
            "content_type": "image/png",
            "etag": "29d3a7b7099e71c3ed29e0a97b4b9181",
            "force_destroy": false,
            "id": "59_hd.png",
            "key": "59_hd.png",
            "kms_key_id": null,
            "metadata": {},
            "object_lock_legal_hold_status": "",
            "object_lock_mode": "",
            "object_lock_retain_until_date": "",
            "server_side_encryption": "",
            "source": "../images/59_hd.png",
            "source_hash": null,
            "storage_class": "STANDARD",
            "tags": {},
            "tags_all": {},
            "version_id": "",
            "website_redirect": ""
          },
          "sensitive_attributes": [],
          "private": "bnVsbA==",
          "dependencies": [
            "aws_s3_bucket.web_assets",
            "random_id.id"
          ]
        },
        {
          "index_key": "5_hd.png",
          "schema_version": 0,
          "attributes": {
            "acl": "private",
            "bucket": "s3-web-assets-7ff8f70f1fbbaa70",
            "bucket_key_enabled": false,
            "cache_control": "",
            "content": null,
            "content_base64": null,
            "content_disposition": "",
            "content_encoding": "",
            "content_language": "",
            "content_type": "image/png",
            "etag": "2b8088fdcc7095f00ebe150cb74af1d0",
            "force_destroy": false,
            "id": "5_hd.png",
            "key": "5_hd.png",
            "kms_key_id": null,
            "metadata": {},
            "object_lock_legal_hold_status": "",
            "object_lock_mode": "",
            "object_lock_retain_until_date": "",
            "server_side_encryption": "",
            "source": "../images/5_hd.png",
            "source_hash": null,
            "storage_class": "STANDARD",
            "tags": {},
            "tags_all": {},
            "version_id": "",
            "website_redirect": ""
          },
          "sensitive_attributes": [],
          "private": "bnVsbA==",
          "dependencies": [
            "aws_s3_bucket.web_assets",
            "random_id.id"
          ]
        },
        {
          "index_key": "60_hd.png",
          "schema_version": 0,
          "attributes": {
            "acl": "private",
            "bucket": "s3-web-assets-7ff8f70f1fbbaa70",
            "bucket_key_enabled": false,
            "cache_control": "",
            "content": null,
            "content_base64": null,
            "content_disposition": "",
            "content_encoding": "",
            "content_language": "",
            "content_type": "image/png",
            "etag": "6ba89fc622beee615a34cf5bf34f03af",
            "force_destroy": false,
            "id": "60_hd.png",
            "key": "60_hd.png",
            "kms_key_id": null,
            "metadata": {},
            "object_lock_legal_hold_status": "",
            "object_lock_mode": "",
            "object_lock_retain_until_date": "",
            "server_side_encryption": "",
            "source": "../images/60_hd.png",
            "source_hash": null,
            "storage_class": "STANDARD",
            "tags": {},
            "tags_all": {},
            "version_id": "",
            "website_redirect": ""
          },
          "sensitive_attributes": [],
          "private": "bnVsbA==",
          "dependencies": [
            "aws_s3_bucket.web_assets",
            "random_id.id"
          ]
        },
        {
          "index_key": "61_hd.png",
          "schema_version": 0,
          "attributes": {
            "acl": "private",
            "bucket": "s3-web-assets-7ff8f70f1fbbaa70",
            "bucket_key_enabled": false,
            "cache_control": "",
            "content": null,
            "content_base64": null,
            "content_disposition": "",
            "content_encoding": "",
            "content_language": "",
            "content_type": "image/png",
            "etag": "ce71a89b0b223edbeaab8c8d52991661",
            "force_destroy": false,
            "id": "61_hd.png",
            "key": "61_hd.png",
            "kms_key_id": null,
            "metadata": {},
            "object_lock_legal_hold_status": "",
            "object_lock_mode": "",
            "object_lock_retain_until_date": "",
            "server_side_encryption": "",
            "source": "../images/61_hd.png",
            "source_hash": null,
            "storage_class": "STANDARD",
            "tags": {},
            "tags_all": {},
            "version_id": "",
            "website_redirect": ""
          },
          "sensitive_attributes": [],
          "private": "bnVsbA==",
          "dependencies": [
            "aws_s3_bucket.web_assets",
            "random_id.id"
          ]
        },
        {
          "index_key": "64_hd.png",
          "schema_version": 0,
          "attributes": {
            "acl": "private",
            "bucket": "s3-web-assets-7ff8f70f1fbbaa70",
            "bucket_key_enabled": false,
            "cache_control": "",
            "content": null,
            "content_base64": null,
            "content_disposition": "",
            "content_encoding": "",
            "content_language": "",
            "content_type": "image/png",
            "etag": "8a7440d59822a2e93ea6e088431f4f31",
            "force_destroy": false,
            "id": "64_hd.png",
            "key": "64_hd.png",
            "kms_key_id": null,
            "metadata": {},
            "object_lock_legal_hold_status": "",
            "object_lock_mode": "",
            "object_lock_retain_until_date": "",
            "server_side_encryption": "",
            "source": "../images/64_hd.png",
            "source_hash": null,
            "storage_class": "STANDARD",
            "tags": {},
            "tags_all": {},
            "version_id": "",
            "website_redirect": ""
          },
          "sensitive_attributes": [],
          "private": "bnVsbA==",
          "dependencies": [
            "aws_s3_bucket.web_assets",
            "random_id.id"
          ]
        },
        {
          "index_key": "65_hd.png",
          "schema_version": 0,
          "attributes": {
            "acl": "private",
            "bucket": "s3-web-assets-7ff8f70f1fbbaa70",
            "bucket_key_enabled": false,
            "cache_control": "",
            "content": null,
            "content_base64": null,
            "content_disposition": "",
            "content_encoding": "",
            "content_language": "",
            "content_type": "image/png",
            "etag": "40dddadf71db6683e4e4846b552da40f",
            "force_destroy": false,
            "id": "65_hd.png",
            "key": "65_hd.png",
            "kms_key_id": null,
            "metadata": {},
            "object_lock_legal_hold_status": "",
            "object_lock_mode": "",
            "object_lock_retain_until_date": "",
            "server_side_encryption": "",
            "source": "../images/65_hd.png",
            "source_hash": null,
            "storage_class": "STANDARD",
            "tags": {},
            "tags_all": {},
            "version_id": "",
            "website_redirect": ""
          },
          "sensitive_attributes": [],
          "private": "bnVsbA==",
          "dependencies": [
            "aws_s3_bucket.web_assets",
            "random_id.id"
          ]
        },
        {
          "index_key": "66_hd.png",
          "schema_version": 0,
          "attributes": {
            "acl": "private",
            "bucket": "s3-web-assets-7ff8f70f1fbbaa70",
            "bucket_key_enabled": false,
            "cache_control": "",
            "content": null,
            "content_base64": null,
            "content_disposition": "",
            "content_encoding": "",
            "content_language": "",
            "content_type": "image/png",
            "etag": "a7a9518710e52491827478ca2d19ca87",
            "force_destroy": false,
            "id": "66_hd.png",
            "key": "66_hd.png",
            "kms_key_id": null,
            "metadata": {},
            "object_lock_legal_hold_status": "",
            "object_lock_mode": "",
            "object_lock_retain_until_date": "",
            "server_side_encryption": "",
            "source": "../images/66_hd.png",
            "source_hash": null,
            "storage_class": "STANDARD",
            "tags": {},
            "tags_all": {},
            "version_id": "",
            "website_redirect": ""
          },
          "sensitive_attributes": [],
          "private": "bnVsbA==",
          "dependencies": [
            "aws_s3_bucket.web_assets",
            "random_id.id"
          ]
        },
        {
          "index_key": "67_hd.png",
          "schema_version": 0,
          "attributes": {
            "acl": "private",
            "bucket": "s3-web-assets-7ff8f70f1fbbaa70",
            "bucket_key_enabled": false,
            "cache_control": "",
            "content": null,
            "content_base64": null,
            "content_disposition": "",
            "content_encoding": "",
            "content_language": "",
            "content_type": "image/png",
            "etag": "16e1fc933dd8de7332550f7016ccecd6",
            "force_destroy": false,
            "id": "67_hd.png",
            "key": "67_hd.png",
            "kms_key_id": null,
            "metadata": {},
            "object_lock_legal_hold_status": "",
            "object_lock_mode": "",
            "object_lock_retain_until_date": "",
            "server_side_encryption": "",
            "source": "../images/67_hd.png",
            "source_hash": null,
            "storage_class": "STANDARD",
            "tags": {},
            "tags_all": {},
            "version_id": "",
            "website_redirect": ""
          },
          "sensitive_attributes": [],
          "private": "bnVsbA==",
          "dependencies": [
            "aws_s3_bucket.web_assets",
            "random_id.id"
          ]
        },
        {
          "index_key": "68_hd.png",
          "schema_version": 0,
          "attributes": {
            "acl": "private",
            "bucket": "s3-web-assets-7ff8f70f1fbbaa70",
            "bucket_key_enabled": false,
            "cache_control": "",
            "content": null,
            "content_base64": null,
            "content_disposition": "",
            "content_encoding": "",
            "content_language": "",
            "content_type": "image/png",
            "etag": "c8a754b3b9f1b831f624be0f5986fa11",
            "force_destroy": false,
            "id": "68_hd.png",
            "key": "68_hd.png",
            "kms_key_id": null,
            "metadata": {},
            "object_lock_legal_hold_status": "",
            "object_lock_mode": "",
            "object_lock_retain_until_date": "",
            "server_side_encryption": "",
            "source": "../images/68_hd.png",
            "source_hash": null,
            "storage_class": "STANDARD",
            "tags": {},
            "tags_all": {},
            "version_id": "",
            "website_redirect": ""
          },
          "sensitive_attributes": [],
          "private": "bnVsbA==",
          "dependencies": [
            "aws_s3_bucket.web_assets",
            "random_id.id"
          ]
        },
        {
          "index_key": "69_hd.png",
          "schema_version": 0,
          "attributes": {
            "acl": "private",
            "bucket": "s3-web-assets-7ff8f70f1fbbaa70",
            "bucket_key_enabled": false,
            "cache_control": "",
            "content": null,
            "content_base64": null,
            "content_disposition": "",
            "content_encoding": "",
            "content_language": "",
            "content_type": "image/png",
            "etag": "5bc9daf129839b28c3d38284af79a104",
            "force_destroy": false,
            "id": "69_hd.png",
            "key": "69_hd.png",
            "kms_key_id": null,
            "metadata": {},
            "object_lock_legal_hold_status": "",
            "object_lock_mode": "",
            "object_lock_retain_until_date": "",
            "server_side_encryption": "",
            "source": "../images/69_hd.png",
            "source_hash": null,
            "storage_class": "STANDARD",
            "tags": {},
            "tags_all": {},
            "version_id": "",
            "website_redirect": ""
          },
          "sensitive_attributes": [],
          "private": "bnVsbA==",
          "dependencies": [
            "aws_s3_bucket.web_assets",
            "random_id.id"
          ]
        },
        {
          "index_key": "6_hd.png",
          "schema_version": 0,
          "attributes": {
            "acl": "private",
            "bucket": "s3-web-assets-7ff8f70f1fbbaa70",
            "bucket_key_enabled": false,
            "cache_control": "",
            "content": null,
            "content_base64": null,
            "content_disposition": "",
            "content_encoding": "",
            "content_language": "",
            "content_type": "image/png",
            "etag": "9fa850c7e4aa382f6d32775684b6ae42",
            "force_destroy": false,
            "id": "6_hd.png",
            "key": "6_hd.png",
            "kms_key_id": null,
            "metadata": {},
            "object_lock_legal_hold_status": "",
            "object_lock_mode": "",
            "object_lock_retain_until_date": "",
            "server_side_encryption": "",
            "source": "../images/6_hd.png",
            "source_hash": null,
            "storage_class": "STANDARD",
            "tags": {},
            "tags_all": {},
            "version_id": "",
            "website_redirect": ""
          },
          "sensitive_attributes": [],
          "private": "bnVsbA==",
          "dependencies": [
            "aws_s3_bucket.web_assets",
            "random_id.id"
          ]
        },
        {
          "index_key": "7_hd.png",
          "schema_version": 0,
          "attributes": {
            "acl": "private",
            "bucket": "s3-web-assets-7ff8f70f1fbbaa70",
            "bucket_key_enabled": false,
            "cache_control": "",
            "content": null,
            "content_base64": null,
            "content_disposition": "",
            "content_encoding": "",
            "content_language": "",
            "content_type": "image/png",
            "etag": "bbdf4e7d6e27b5c01920b22e25c9a4ed",
            "force_destroy": false,
            "id": "7_hd.png",
            "key": "7_hd.png",
            "kms_key_id": null,
            "metadata": {},
            "object_lock_legal_hold_status": "",
            "object_lock_mode": "",
            "object_lock_retain_until_date": "",
            "server_side_encryption": "",
            "source": "../images/7_hd.png",
            "source_hash": null,
            "storage_class": "STANDARD",
            "tags": {},
            "tags_all": {},
            "version_id": "",
            "website_redirect": ""
          },
          "sensitive_attributes": [],
          "private": "bnVsbA==",
          "dependencies": [
            "aws_s3_bucket.web_assets",
            "random_id.id"
          ]
        },
        {
          "index_key": "8_hd.png",
          "schema_version": 0,
          "attributes": {
            "acl": "private",
            "bucket": "s3-web-assets-7ff8f70f1fbbaa70",
            "bucket_key_enabled": false,
            "cache_control": "",
            "content": null,
            "content_base64": null,
            "content_disposition": "",
            "content_encoding": "",
            "content_language": "",
            "content_type": "image/png",
            "etag": "2e8976cf4bffc97a2c4ab15ff8223266",
            "force_destroy": false,
            "id": "8_hd.png",
            "key": "8_hd.png",
            "kms_key_id": null,
            "metadata": {},
            "object_lock_legal_hold_status": "",
            "object_lock_mode": "",
            "object_lock_retain_until_date": "",
            "server_side_encryption": "",
            "source": "../images/8_hd.png",
            "source_hash": null,
            "storage_class": "STANDARD",
            "tags": {},
            "tags_all": {},
            "version_id": "",
            "website_redirect": ""
          },
          "sensitive_attributes": [],
          "private": "bnVsbA==",
          "dependencies": [
            "aws_s3_bucket.web_assets",
            "random_id.id"
          ]
        },
        {
          "index_key": "9_hd.png",
          "schema_version": 0,
          "attributes": {
            "acl": "private",
            "bucket": "s3-web-assets-7ff8f70f1fbbaa70",
            "bucket_key_enabled": false,
            "cache_control": "",
            "content": null,
            "content_base64": null,
            "content_disposition": "",
            "content_encoding": "",
            "content_language": "",
            "content_type": "image/png",
            "etag": "1d8509ab2d3f3f14e0209f4b8f66e990",
            "force_destroy": false,
            "id": "9_hd.png",
            "key": "9_hd.png",
            "kms_key_id": null,
            "metadata": {},
            "object_lock_legal_hold_status": "",
            "object_lock_mode": "",
            "object_lock_retain_until_date": "",
            "server_side_encryption": "",
            "source": "../images/9_hd.png",
            "source_hash": null,
            "storage_class": "STANDARD",
            "tags": {},
            "tags_all": {},
            "version_id": "",
            "website_redirect": ""
          },
          "sensitive_attributes": [],
          "private": "bnVsbA==",
          "dependencies": [
            "aws_s3_bucket.web_assets",
            "random_id.id"
          ]
        }
      ]
    },
    {
      "mode": "managed",
      "type": "aws_security_group",
      "name": "db_sg",
      "provider": "provider[\"registry.terraform.io/hashicorp/aws\"]",
      "instances": [
        {
          "schema_version": 1,
          "attributes": {
            "arn": "arn:aws:ec2:us-east-2:897503354578:security-group/sg-023728ff8b437c479",
            "description": "DB security group for RDS and SSH traffic over ports 3306 and 22",
            "egress": [
              {
                "cidr_blocks": [
                  "0.0.0.0/0"
                ],
                "description": "",
                "from_port": 0,
                "ipv6_cidr_blocks": [],
                "prefix_list_ids": [],
                "protocol": "-1",
                "security_groups": [],
                "self": false,
                "to_port": 0
              }
            ],
            "id": "sg-023728ff8b437c479",
            "ingress": [
              {
                "cidr_blocks": [
                  "0.0.0.0/0"
                ],
                "description": "",
                "from_port": 3306,
                "ipv6_cidr_blocks": [],
                "prefix_list_ids": [],
                "protocol": "tcp",
                "security_groups": [],
                "self": false,
                "to_port": 3306
              }
            ],
            "name": "is531_db_security_group",
            "name_prefix": "",
            "owner_id": "897503354578",
            "revoke_rules_on_delete": false,
            "tags": {
              "Name": "IS531 DB Security Group",
              "security_group": "rds_sg"
            },
            "tags_all": {
              "Name": "IS531 DB Security Group",
              "security_group": "rds_sg"
            },
            "timeouts": null,
            "vpc_id": "vpc-0e5daba1171de886c"
          },
          "sensitive_attributes": [],
          "private": "eyJlMmJmYjczMC1lY2FhLTExZTYtOGY4OC0zNDM2M2JjN2M0YzAiOnsiY3JlYXRlIjo2MDAwMDAwMDAwMDAsImRlbGV0ZSI6OTAwMDAwMDAwMDAwfSwic2NoZW1hX3ZlcnNpb24iOiIxIn0=",
          "dependencies": [
            "aws_vpc.project3_vpc"
          ]
        }
      ]
    },
    {
      "mode": "managed",
      "type": "aws_subnet",
      "name": "private",
      "provider": "provider[\"registry.terraform.io/hashicorp/aws\"]",
      "instances": [
        {
          "schema_version": 1,
          "attributes": {
            "arn": "arn:aws:ec2:us-east-2:897503354578:subnet/subnet-0786435bc33bd07f9",
            "assign_ipv6_address_on_creation": false,
            "availability_zone": "us-east-2b",
            "availability_zone_id": "use2-az2",
            "cidr_block": "10.1.3.0/24",
            "customer_owned_ipv4_pool": "",
            "enable_dns64": false,
            "enable_resource_name_dns_a_record_on_launch": false,
            "enable_resource_name_dns_aaaa_record_on_launch": false,
            "id": "subnet-0786435bc33bd07f9",
            "ipv6_cidr_block": "",
            "ipv6_cidr_block_association_id": "",
            "ipv6_native": false,
            "map_customer_owned_ip_on_launch": false,
            "map_public_ip_on_launch": false,
            "outpost_arn": "",
            "owner_id": "897503354578",
            "private_dns_hostname_type_on_launch": "ip-name",
            "tags": {
              "Name": "IS531 Private Subnet 2"
            },
            "tags_all": {
              "Name": "IS531 Private Subnet 2"
            },
            "timeouts": null,
            "vpc_id": "vpc-0e5daba1171de886c"
          },
          "sensitive_attributes": [],
          "private": "eyJlMmJmYjczMC1lY2FhLTExZTYtOGY4OC0zNDM2M2JjN2M0YzAiOnsiY3JlYXRlIjo2MDAwMDAwMDAwMDAsImRlbGV0ZSI6MTIwMDAwMDAwMDAwMH0sInNjaGVtYV92ZXJzaW9uIjoiMSJ9",
          "dependencies": [
            "aws_vpc.project3_vpc",
            "data.aws_availability_zones.available"
          ]
        }
      ]
    },
    {
      "mode": "managed",
      "type": "aws_subnet",
      "name": "public",
      "provider": "provider[\"registry.terraform.io/hashicorp/aws\"]",
      "instances": [
        {
          "schema_version": 1,
          "attributes": {
            "arn": "arn:aws:ec2:us-east-2:897503354578:subnet/subnet-04c9e5db2b7dbc21b",
            "assign_ipv6_address_on_creation": false,
            "availability_zone": "us-east-2b",
            "availability_zone_id": "use2-az2",
            "cidr_block": "10.1.1.0/24",
            "customer_owned_ipv4_pool": "",
            "enable_dns64": false,
            "enable_resource_name_dns_a_record_on_launch": false,
            "enable_resource_name_dns_aaaa_record_on_launch": false,
            "id": "subnet-04c9e5db2b7dbc21b",
            "ipv6_cidr_block": "",
            "ipv6_cidr_block_association_id": "",
            "ipv6_native": false,
            "map_customer_owned_ip_on_launch": false,
            "map_public_ip_on_launch": true,
            "outpost_arn": "",
            "owner_id": "897503354578",
            "private_dns_hostname_type_on_launch": "ip-name",
            "tags": {
              "Name": "IS531 Public Subnet"
            },
            "tags_all": {
              "Name": "IS531 Public Subnet"
            },
            "timeouts": null,
            "vpc_id": "vpc-0e5daba1171de886c"
          },
          "sensitive_attributes": [],
          "private": "eyJlMmJmYjczMC1lY2FhLTExZTYtOGY4OC0zNDM2M2JjN2M0YzAiOnsiY3JlYXRlIjo2MDAwMDAwMDAwMDAsImRlbGV0ZSI6MTIwMDAwMDAwMDAwMH0sInNjaGVtYV92ZXJzaW9uIjoiMSJ9",
          "dependencies": [
            "aws_vpc.project3_vpc",
            "data.aws_availability_zones.available"
          ]
        }
      ]
    },
    {
      "mode": "managed",
      "type": "aws_subnet",
      "name": "public2",
      "provider": "provider[\"registry.terraform.io/hashicorp/aws\"]",
      "instances": [
        {
          "schema_version": 1,
          "attributes": {
            "arn": "arn:aws:ec2:us-east-2:897503354578:subnet/subnet-00b40794d78155645",
            "assign_ipv6_address_on_creation": false,
            "availability_zone": "us-east-2a",
            "availability_zone_id": "use2-az1",
            "cidr_block": "10.1.2.0/24",
            "customer_owned_ipv4_pool": "",
            "enable_dns64": false,
            "enable_resource_name_dns_a_record_on_launch": false,
            "enable_resource_name_dns_aaaa_record_on_launch": false,
            "id": "subnet-00b40794d78155645",
            "ipv6_cidr_block": "",
            "ipv6_cidr_block_association_id": "",
            "ipv6_native": false,
            "map_customer_owned_ip_on_launch": false,
            "map_public_ip_on_launch": true,
            "outpost_arn": "",
            "owner_id": "897503354578",
            "private_dns_hostname_type_on_launch": "ip-name",
            "tags": {
              "Name": "IS531 Public2 Subnet"
            },
            "tags_all": {
              "Name": "IS531 Public2 Subnet"
            },
            "timeouts": null,
            "vpc_id": "vpc-0e5daba1171de886c"
          },
          "sensitive_attributes": [],
          "private": "eyJlMmJmYjczMC1lY2FhLTExZTYtOGY4OC0zNDM2M2JjN2M0YzAiOnsiY3JlYXRlIjo2MDAwMDAwMDAwMDAsImRlbGV0ZSI6MTIwMDAwMDAwMDAwMH0sInNjaGVtYV92ZXJzaW9uIjoiMSJ9",
          "dependencies": [
            "aws_vpc.project3_vpc",
            "data.aws_availability_zones.available"
          ]
        }
      ]
    },
    {
      "mode": "managed",
      "type": "aws_vpc",
      "name": "project3_vpc",
      "provider": "provider[\"registry.terraform.io/hashicorp/aws\"]",
      "instances": [
        {
          "schema_version": 1,
          "attributes": {
            "arn": "arn:aws:ec2:us-east-2:897503354578:vpc/vpc-0e5daba1171de886c",
            "assign_generated_ipv6_cidr_block": false,
            "cidr_block": "10.1.0.0/16",
            "default_network_acl_id": "acl-0622ff6e05e73a49f",
            "default_route_table_id": "rtb-04cb03c2d71957b46",
            "default_security_group_id": "sg-0d4da7fb6ffea72c3",
            "dhcp_options_id": "dopt-c8206fa3",
            "enable_classiclink": false,
            "enable_classiclink_dns_support": false,
            "enable_dns_hostnames": true,
            "enable_dns_support": true,
            "enable_network_address_usage_metrics": false,
            "id": "vpc-0e5daba1171de886c",
            "instance_tenancy": "default",
            "ipv4_ipam_pool_id": null,
            "ipv4_netmask_length": null,
            "ipv6_association_id": "",
            "ipv6_cidr_block": "",
            "ipv6_cidr_block_network_border_group": "",
            "ipv6_ipam_pool_id": "",
            "ipv6_netmask_length": 0,
            "main_route_table_id": "rtb-04cb03c2d71957b46",
            "owner_id": "897503354578",
            "tags": {
              "Name": "IS531 Project 3 VPC"
            },
            "tags_all": {
              "Name": "IS531 Project 3 VPC"
            }
          },
          "sensitive_attributes": [],
          "private": "eyJzY2hlbWFfdmVyc2lvbiI6IjEifQ=="
        }
      ]
    },
    {
      "mode": "managed",
      "type": "random_id",
      "name": "id",
      "provider": "provider[\"registry.terraform.io/hashicorp/random\"]",
      "instances": [
        {
          "schema_version": 0,
          "attributes": {
            "b64_std": "f/j3Dx+7qnA=",
            "b64_url": "f_j3Dx-7qnA",
            "byte_length": 8,
            "dec": "9221391881370053232",
            "hex": "7ff8f70f1fbbaa70",
            "id": "f_j3Dx-7qnA",
            "keepers": null,
            "prefix": null
          },
          "sensitive_attributes": []
        }
      ]
    }
  ],
  "check_results": []
}
